// !$*UTF8*$!
{
	archiveVersion = 1;
	classes = {
	};
	objectVersion = 46;
	objects = {

/* Begin PBXAggregateTarget section */
		564B0EAF4AC19FC3AFC0BF43 /* Candle - All */ = {
			isa = PBXAggregateTarget;
			buildConfigurationList = 57FC931D6AD58DF838904F36;
			buildPhases = (
			);
			dependencies = (
				6741FDEF66795C5D72E7364B,
				8B30E7C5293ABB212AA5E7C6,
				5F0A16359E5C397B9AA1E13B,
				B588D2D3AAC227F5D7F9ED00,
			);
			name = "Candle - All";
			productName = Candle;
		};
/* End PBXAggregateTarget section */

/* Begin PBXBuildFile section */
		0113113C37F65FFA98867094 /* PluginEditor.cpp */ = {isa = PBXBuildFile; fileRef = 5C9CB3F600FA35D42A63F736; };
		090EDF4E47D1F69378EB506D /* include_juce_audio_formats.mm */ = {isa = PBXBuildFile; fileRef = 795E1C520CDD133F92BE9D13; };
		0B19DD131A67566FE32AE938 /* CassetteTape.cpp */ = {isa = PBXBuildFile; fileRef = 78D4E82BCE77CCEB3F6A9E38; };
		14D2DC2243F0BD3FEA9DD2F0 /* VST3 Manifest Helper */ = {isa = PBXBuildFile; fileRef = 73E3CF6976A2D04729BDAEF5; };
		167102E2C975B0BB4F58F818 /* include_juce_audio_processors_headless_ara.cpp */ = {isa = PBXBuildFile; fileRef = 2BC6EBBDAEB1F5F790967882; };
		1AF41F68C36F81529B792966 /* IOKit.framework */ = {isa = PBXBuildFile; fileRef = 7B36C03299DD7496E7410610; };
		28D5911DD3523426C5A6F4E9 /* include_juce_events.mm */ = {isa = PBXBuildFile; fileRef = 603B05B23385F611CBAB4EF4; };
		2C489FBDAF7A433D0674852B /* RecentFilesMenuTemplate.nib */ = {isa = PBXBuildFile; fileRef = C7F329858E05FCA2D519A2D0; };
		2C4EDCACA5EEB01537452BF7 /* include_juce_audio_processors_headless.mm */ = {isa = PBXBuildFile; fileRef = 76863CAF01DB5A56055D4E45; };
		322DD63BFEFC12D30C5415AA /* include_juce_graphics_Harfbuzz.cpp */ = {isa = PBXBuildFile; fileRef = 58614C180B81944BECDB9B7B; };
		33C26798C106A5929AB019F6 /* include_juce_gui_basics.mm */ = {isa = PBXBuildFile; fileRef = 83FB9FED7C0BE97DE9B2A360; };
		36AEB64254384A6247590D39 /* include_juce_audio_basics.mm */ = {isa = PBXBuildFile; fileRef = 8841DF256A0D4B70271D1435; };
		395626508C2A273338778984 /* CoreAudio.framework */ = {isa = PBXBuildFile; fileRef = C4ADE55C4F7F19DA619E937D; };
		3A63DAFBD29409B9A12DDF32 /* Shared Code */ = {isa = PBXBuildFile; fileRef = 0891BE65CC0869D43F2ABDB7; };
		3CEBBB92B4C9902D6732AE23 /* WebKit.framework */ = {isa = PBXBuildFile; fileRef = F63F526EC38B0064993CD26E; };
		426713C18AE68954E238CD73 /* include_juce_gui_extra.mm */ = {isa = PBXBuildFile; fileRef = AB781A28B7F152F63CDA3751; };
		4C77643724A14D4647A25C4A /* include_juce_audio_processors.mm */ = {isa = PBXBuildFile; fileRef = 4D42D36612797898D903D10F; };
		4ED3F98E4E2DE5CA2E3EC307 /* include_juce_audio_processors_headless_lv2_libs.cpp */ = {isa = PBXBuildFile; fileRef = 6D3D76B05EBB12E9E6A8D2B9; };
		504E19C152B642BBC59BA79D /* QuartzCore.framework */ = {isa = PBXBuildFile; fileRef = 2A6EEBC3D832EE4684BBB708; };
		5EF9976F9FEE3DC2BB708B42 /* VST3 */ = {isa = PBXBuildFile; fileRef = 1E32BF2DC953C910C8190005; };
		5FEE2A876A71D9E02C0DDCFF /* Foundation.framework */ = {isa = PBXBuildFile; fileRef = 58C38592C5B9A969929CD617; };
		672BEC08CD66B8FEBC37C29F /* PluginProcessor.cpp */ = {isa = PBXBuildFile; fileRef = 640426B722EAACF53FBF14CA; };
		6D2C974198AC0221DDBC98D9 /* CandleKnob.cpp */ = {isa = PBXBuildFile; fileRef = B4B3387F974C5AB3D520B171; };
		6EF0E0E4C7BA3F92CD1787CF /* include_juce_audio_utils.mm */ = {isa = PBXBuildFile; fileRef = D8AB2588E173E305C2D97FCF; };
		6FC8F9A1393E24EE4F2F9365 /* include_juce_core.mm */ = {isa = PBXBuildFile; fileRef = D221978C466F2F38EA466925; };
		71D79A432249662F8EFBBF26 /* CoreAudioKit.framework */ = {isa = PBXBuildFile; fileRef = AEAFFB797083089D99C97B54; };
		7A32F3C1A15B2F477F357715 /* include_juce_gui_basics_4.cpp */ = {isa = PBXBuildFile; fileRef = 15C6EF6C7C0AF8B6CCE171DC; };
		80B9F4E1CF768DF134CEF2A1 /* include_juce_audio_devices.mm */ = {isa = PBXBuildFile; fileRef = 375D3180BE527E44DB8445C0; };
		88F353F66A3C2246587A920E /* DiscRecording.framework */ = {isa = PBXBuildFile; fileRef = A04E2D425D43C54A61F314EF; };
		8AC27EC84C41D3CCE70E343A /* AU */ = {isa = PBXBuildFile; fileRef = 1A3DE0C0486B884B10142814; };
		8CDEEF127114C339CD7A306C /* MicStage.cpp */ = {isa = PBXBuildFile; fileRef = 29FE18918EBE9BAA0891760A; };
		8D5753C3A241428F261CBEE9 /* AudioToolbox.framework */ = {isa = PBXBuildFile; fileRef = 293AF1348F105BD10643B389; };
		8FA4B92C6AE710EC2898D937 /* include_juce_graphics_Sheenbidi.c */ = {isa = PBXBuildFile; fileRef = 1AEFA8B7F18D57D4AC871722; };
		9092F5FB5E6936BD0E788718 /* include_juce_audio_plugin_client_AU_1.mm */ = {isa = PBXBuildFile; fileRef = 0F5AC78012FD9172B7584547; };
		90B2B8DCB89947AEE70F9FBF /* AudioUnit.framework */ = {isa = PBXBuildFile; fileRef = 0DDA6FD3877E37864A14310E; };
		92FDD21ACED304FFCA4D45B3 /* include_juce_data_structures.mm */ = {isa = PBXBuildFile; fileRef = BDADE9BB99CD90EF24A9405D; };
		9E4515D07CB6908C40F8362C /* include_juce_dsp.mm */ = {isa = PBXBuildFile; fileRef = 50634FD0776B3C79B399D874; };
		AC5974305D197AC14A1CEE72 /* Security.framework */ = {isa = PBXBuildFile; fileRef = 4E0D7265295E0DC4C48DF15E; };
		B8372AB90078361EDBD06DA7 /* Accelerate.framework */ = {isa = PBXBuildFile; fileRef = E336B1EC68322D38C3052005; };
		BE78BB208AA177E5866A1F74 /* include_juce_graphics.mm */ = {isa = PBXBuildFile; fileRef = 9DC8B4ED3889956651B7DD08; };
		BEAC01E80B5E25317C47E2D9 /* include_juce_audio_plugin_client_AU_2.mm */ = {isa = PBXBuildFile; fileRef = D00F830933E708FC00BF64D9; };
		CBD29BF6DEEDCEE5CD4D439A /* Cocoa.framework */ = {isa = PBXBuildFile; fileRef = 00F41CA750D09F1C6F531FEA; };
		D05D36B4DC310B05452F1ED5 /* MetalKit.framework */ = {isa = PBXBuildFile; fileRef = 6BA97008B9B74B9C4AC8E4BA; settings = { ATTRIBUTES = (Weak, ); }; };
		D183A1046A7AC0B58199614C /* CoreMIDI.framework */ = {isa = PBXBuildFile; fileRef = E451540F275C992BDB877C8A; };
		D2331F8562A2827DBB694F04 /* include_juce_gui_basics_5.cpp */ = {isa = PBXBuildFile; fileRef = 78E5E8C4B6C5249510F10943; };
		D68E78D1DF66CF56221FAEF6 /* include_juce_core_CompilationTime.cpp */ = {isa = PBXBuildFile; fileRef = A3E9E0AE43DBBF388E2E7299; };
		DA89D54554F3CCD33AFA1715 /* juce_VST3ManifestHelper.cpp */ = {isa = PBXBuildFile; fileRef = 52D6FF80B2339EEDB72ED121; settings = { COMPILER_FLAGS = "-w -DJUCE_SKIP_PRECOMPILED_HEADER"; }; };
		DD17C42C8DFE2B26F7FC5666 /* include_juce_audio_plugin_client_VST3.mm */ = {isa = PBXBuildFile; fileRef = 73A1E6E0542C656674A2E0EC; };
		E4272C4F211908DD26F98D2F /* include_juce_audio_plugin_client_ARA.cpp */ = {isa = PBXBuildFile; fileRef = 155544AB42F082CA254859FF; };
		E7065D6EA0C10E24FC045F42 /* include_juce_gui_basics_3.cpp */ = {isa = PBXBuildFile; fileRef = 9953ACE56F6FB0F8FE169FBE; };
		EE872CB5619D56FECBFE0D6D /* Metal.framework */ = {isa = PBXBuildFile; fileRef = E565E90F2C6D1B3292EC2F85; settings = { ATTRIBUTES = (Weak, ); }; };
		F391DD657C93A670486B1C79 /* CandleLookAndFeel.cpp */ = {isa = PBXBuildFile; fileRef = 3A0D895955B0659848870968; };
		F70CBFE77196A4F9765A197C /* include_juce_gui_basics_2.cpp */ = {isa = PBXBuildFile; fileRef = C8BC23DD3E38252FBEE4C51A; };
/* End PBXBuildFile section */

/* Begin PBXFileReference section */
		00F41CA750D09F1C6F531FEA /* Cocoa.framework */ /* Cocoa.framework */ = {isa = PBXFileReference; lastKnownFileType = wrapper.framework; name = Cocoa.framework; path = System/Library/Frameworks/Cocoa.framework; sourceTree = SDKROOT; };
		0891BE65CC0869D43F2ABDB7 /* Shared Code */ = {isa = PBXFileReference; explicitFileType = archive.ar; includeInIndex = 0; path = libCandle.a; sourceTree = BUILT_PRODUCTS_DIR; };
		0A789C57424C478C41F69237 /* juce_data_structures */ /* juce_data_structures */ = {isa = PBXFileReference; lastKnownFileType = folder; name = juce_data_structures; path = /Applications/JUCE/modules/juce_data_structures; sourceTree = "<absolute>"; };
		0DDA6FD3877E37864A14310E /* AudioUnit.framework */ /* AudioUnit.framework */ = {isa = PBXFileReference; lastKnownFileType = wrapper.framework; name = AudioUnit.framework; path = System/Library/Frameworks/AudioUnit.framework; sourceTree = SDKROOT; };
		0F5AC78012FD9172B7584547 /* include_juce_audio_plugin_client_AU_1.mm */ /* include_juce_audio_plugin_client_AU_1.mm */ = {isa = PBXFileReference; lastKnownFileType = sourcecode.cpp.objcpp; name = include_juce_audio_plugin_client_AU_1.mm; path = ../../JuceLibraryCode/include_juce_audio_plugin_client_AU_1.mm; sourceTree = SOURCE_ROOT; };
		1254CBF132D119A09293D01D /* juce_dsp */ /* juce_dsp */ = {isa = PBXFileReference; lastKnownFileType = folder; name = juce_dsp; path = /Applications/JUCE/modules/juce_dsp; sourceTree = "<absolute>"; };
		155544AB42F082CA254859FF /* include_juce_audio_plugin_client_ARA.cpp */ /* include_juce_audio_plugin_client_ARA.cpp */ = {isa = PBXFileReference; lastKnownFileType = sourcecode.cpp.cpp; name = include_juce_audio_plugin_client_ARA.cpp; path = ../../JuceLibraryCode/include_juce_audio_plugin_client_ARA.cpp; sourceTree = SOURCE_ROOT; };
		15C6EF6C7C0AF8B6CCE171DC /* include_juce_gui_basics_4.cpp */ /* include_juce_gui_basics_4.cpp */ = {isa = PBXFileReference; lastKnownFileType = sourcecode.cpp.cpp; name = include_juce_gui_basics_4.cpp; path = ../../JuceLibraryCode/include_juce_gui_basics_4.cpp; sourceTree = SOURCE_ROOT; };
		1A3DE0C0486B884B10142814 /* AU */ = {isa = PBXFileReference; explicitFileType = wrapper.cfbundle; includeInIndex = 0; path = Candle.component; sourceTree = BUILT_PRODUCTS_DIR; };
		1AEFA8B7F18D57D4AC871722 /* include_juce_graphics_Sheenbidi.c */ /* include_juce_graphics_Sheenbidi.c */ = {isa = PBXFileReference; lastKnownFileType = sourcecode.c.c; name = include_juce_graphics_Sheenbidi.c; path = ../../JuceLibraryCode/include_juce_graphics_Sheenbidi.c; sourceTree = SOURCE_ROOT; };
		1E32BF2DC953C910C8190005 /* VST3 */ = {isa = PBXFileReference; explicitFileType = wrapper.cfbundle; includeInIndex = 0; path = Candle.vst3; sourceTree = BUILT_PRODUCTS_DIR; };
		293AF1348F105BD10643B389 /* AudioToolbox.framework */ /* AudioToolbox.framework */ = {isa = PBXFileReference; lastKnownFileType = wrapper.framework; name = AudioToolbox.framework; path = System/Library/Frameworks/AudioToolbox.framework; sourceTree = SDKROOT; };
		29FE18918EBE9BAA0891760A /* MicStage.cpp */ /* MicStage.cpp */ = {isa = PBXFileReference; lastKnownFileType = sourcecode.cpp.cpp; name = MicStage.cpp; path = ../../Source/dsp/MicStage.cpp; sourceTree = SOURCE_ROOT; };
		2A6EEBC3D832EE4684BBB708 /* QuartzCore.framework */ /* QuartzCore.framework */ = {isa = PBXFileReference; lastKnownFileType = wrapper.framework; name = QuartzCore.framework; path = System/Library/Frameworks/QuartzCore.framework; sourceTree = SDKROOT; };
		2BC6EBBDAEB1F5F790967882 /* include_juce_audio_processors_headless_ara.cpp */ /* include_juce_audio_processors_headless_ara.cpp */ = {isa = PBXFileReference; lastKnownFileType = sourcecode.cpp.cpp; name = include_juce_audio_processors_headless_ara.cpp; path = ../../JuceLibraryCode/include_juce_audio_processors_headless_ara.cpp; sourceTree = SOURCE_ROOT; };
		3006A2B86FA8BD3CE2B6E163 /* JuceHeader.h */ /* JuceHeader.h */ = {isa = PBXFileReference; lastKnownFileType = sourcecode.c.h; name = JuceHeader.h; path = ../../JuceLibraryCode/JuceHeader.h; sourceTree = SOURCE_ROOT; };
		375D3180BE527E44DB8445C0 /* include_juce_audio_devices.mm */ /* include_juce_audio_devices.mm */ = {isa = PBXFileReference; lastKnownFileType = sourcecode.cpp.objcpp; name = include_juce_audio_devices.mm; path = ../../JuceLibraryCode/include_juce_audio_devices.mm; sourceTree = SOURCE_ROOT; };
		3A0D895955B0659848870968 /* CandleLookAndFeel.cpp */ /* CandleLookAndFeel.cpp */ = {isa = PBXFileReference; lastKnownFileType = sourcecode.cpp.cpp; name = CandleLookAndFeel.cpp; path = ../../Source/gui/CandleLookAndFeel.cpp; sourceTree = SOURCE_ROOT; };
		3C100B95A194444AD5C164EA /* Info-VST3.plist */ /* Info-VST3.plist */ = {isa = PBXFileReference; lastKnownFileType = text.plist.xml; name = "Info-VST3.plist"; path = "Info-VST3.plist"; sourceTree = SOURCE_ROOT; };
		467D371A8B197CF1D0D8F9F5 /* juce_audio_devices */ /* juce_audio_devices */ = {isa = PBXFileReference; lastKnownFileType = folder; name = juce_audio_devices; path = /Applications/JUCE/modules/juce_audio_devices; sourceTree = "<absolute>"; };
		4D42D36612797898D903D10F /* include_juce_audio_processors.mm */ /* include_juce_audio_processors.mm */ = {isa = PBXFileReference; lastKnownFileType = sourcecode.cpp.objcpp; name = include_juce_audio_processors.mm; path = ../../JuceLibraryCode/include_juce_audio_processors.mm; sourceTree = SOURCE_ROOT; };
		4E0D7265295E0DC4C48DF15E /* Security.framework */ /* Security.framework */ = {isa = PBXFileReference; lastKnownFileType = wrapper.framework; name = Security.framework; path = System/Library/Frameworks/Security.framework; sourceTree = SDKROOT; };
		50634FD0776B3C79B399D874 /* include_juce_dsp.mm */ /* include_juce_dsp.mm */ = {isa = PBXFileReference; lastKnownFileType = sourcecode.cpp.objcpp; name = include_juce_dsp.mm; path = ../../JuceLibraryCode/include_juce_dsp.mm; sourceTree = SOURCE_ROOT; };
		52D6FF80B2339EEDB72ED121 /* juce_VST3ManifestHelper.cpp */ /* juce_VST3ManifestHelper.cpp */ = {isa = PBXFileReference; lastKnownFileType = sourcecode.cpp.cpp; name = juce_VST3ManifestHelper.cpp; path = /Applications/JUCE/modules/juce_audio_plugin_client/VST3/juce_VST3ManifestHelper.cpp; sourceTree = "<absolute>"; };
		56D7A8A8DBD4A6C80B7F8A4F /* juce_audio_utils */ /* juce_audio_utils */ = {isa = PBXFileReference; lastKnownFileType = folder; name = juce_audio_utils; path = /Applications/JUCE/modules/juce_audio_utils; sourceTree = "<absolute>"; };
		58614C180B81944BECDB9B7B /* include_juce_graphics_Harfbuzz.cpp */ /* include_juce_graphics_Harfbuzz.cpp */ = {isa = PBXFileReference; lastKnownFileType = sourcecode.cpp.cpp; name = include_juce_graphics_Harfbuzz.cpp; path = ../../JuceLibraryCode/include_juce_graphics_Harfbuzz.cpp; sourceTree = SOURCE_ROOT; };
		58C38592C5B9A969929CD617 /* Foundation.framework */ /* Foundation.framework */ = {isa = PBXFileReference; lastKnownFileType = wrapper.framework; name = Foundation.framework; path = System/Library/Frameworks/Foundation.framework; sourceTree = SDKROOT; };
		5C9CB3F600FA35D42A63F736 /* PluginEditor.cpp */ /* PluginEditor.cpp */ = {isa = PBXFileReference; lastKnownFileType = sourcecode.cpp.cpp; name = PluginEditor.cpp; path = ../../Source/PluginEditor.cpp; sourceTree = SOURCE_ROOT; };
		603B05B23385F611CBAB4EF4 /* include_juce_events.mm */ /* include_juce_events.mm */ = {isa = PBXFileReference; lastKnownFileType = sourcecode.cpp.objcpp; name = include_juce_events.mm; path = ../../JuceLibraryCode/include_juce_events.mm; sourceTree = SOURCE_ROOT; };
		640426B722EAACF53FBF14CA /* PluginProcessor.cpp */ /* PluginProcessor.cpp */ = {isa = PBXFileReference; lastKnownFileType = sourcecode.cpp.cpp; name = PluginProcessor.cpp; path = ../../Source/PluginProcessor.cpp; sourceTree = SOURCE_ROOT; };
		667B20AAB9FA6E5B350E7659 /* juce_audio_processors */ /* juce_audio_processors */ = {isa = PBXFileReference; lastKnownFileType = folder; name = juce_audio_processors; path = /Applications/JUCE/modules/juce_audio_processors; sourceTree = "<absolute>"; };
		6BA97008B9B74B9C4AC8E4BA /* MetalKit.framework */ /* MetalKit.framework */ = {isa = PBXFileReference; lastKnownFileType = wrapper.framework; name = MetalKit.framework; path = System/Library/Frameworks/MetalKit.framework; sourceTree = SDKROOT; };
		6D3D76B05EBB12E9E6A8D2B9 /* include_juce_audio_processors_headless_lv2_libs.cpp */ /* include_juce_audio_processors_headless_lv2_libs.cpp */ = {isa = PBXFileReference; lastKnownFileType = sourcecode.cpp.cpp; name = include_juce_audio_processors_headless_lv2_libs.cpp; path = ../../JuceLibraryCode/include_juce_audio_processors_headless_lv2_libs.cpp; sourceTree = SOURCE_ROOT; };
		7042B3647A0DC6B2B1F625F3 /* Info-AU.plist */ /* Info-AU.plist */ = {isa = PBXFileReference; lastKnownFileType = text.plist.xml; name = "Info-AU.plist"; path = "Info-AU.plist"; sourceTree = SOURCE_ROOT; };
		716AC270CDCEFCA2F0F94A0B /* JucePluginDefines.h */ /* JucePluginDefines.h */ = {isa = PBXFileReference; lastKnownFileType = sourcecode.c.h; name = JucePluginDefines.h; path = ../../JuceLibraryCode/JucePluginDefines.h; sourceTree = SOURCE_ROOT; };
		73A1E6E0542C656674A2E0EC /* include_juce_audio_plugin_client_VST3.mm */ /* include_juce_audio_plugin_client_VST3.mm */ = {isa = PBXFileReference; lastKnownFileType = sourcecode.cpp.objcpp; name = include_juce_audio_plugin_client_VST3.mm; path = ../../JuceLibraryCode/include_juce_audio_plugin_client_VST3.mm; sourceTree = SOURCE_ROOT; };
		73E3CF6976A2D04729BDAEF5 /* VST3 Manifest Helper */ = {isa = PBXFileReference; explicitFileType = "compiled.mach-o.executable"; includeInIndex = 0; path = juce_vst3_helper; sourceTree = BUILT_PRODUCTS_DIR; };
		7606132B5F347FD84CE2FFD4 /* CandleKnob.h */ /* CandleKnob.h */ = {isa = PBXFileReference; lastKnownFileType = sourcecode.c.h; name = CandleKnob.h; path = ../../Source/gui/CandleKnob.h; sourceTree = SOURCE_ROOT; };
		76863CAF01DB5A56055D4E45 /* include_juce_audio_processors_headless.mm */ /* include_juce_audio_processors_headless.mm */ = {isa = PBXFileReference; lastKnownFileType = sourcecode.cpp.objcpp; name = include_juce_audio_processors_headless.mm; path = ../../JuceLibraryCode/include_juce_audio_processors_headless.mm; sourceTree = SOURCE_ROOT; };
		78D4E82BCE77CCEB3F6A9E38 /* CassetteTape.cpp */ /* CassetteTape.cpp */ = {isa = PBXFileReference; lastKnownFileType = sourcecode.cpp.cpp; name = CassetteTape.cpp; path = ../../Source/dsp/CassetteTape.cpp; sourceTree = SOURCE_ROOT; };
		78E5E8C4B6C5249510F10943 /* include_juce_gui_basics_5.cpp */ /* include_juce_gui_basics_5.cpp */ = {isa = PBXFileReference; lastKnownFileType = sourcecode.cpp.cpp; name = include_juce_gui_basics_5.cpp; path = ../../JuceLibraryCode/include_juce_gui_basics_5.cpp; sourceTree = SOURCE_ROOT; };
		795E1C520CDD133F92BE9D13 /* include_juce_audio_formats.mm */ /* include_juce_audio_formats.mm */ = {isa = PBXFileReference; lastKnownFileType = sourcecode.cpp.objcpp; name = include_juce_audio_formats.mm; path = ../../JuceLibraryCode/include_juce_audio_formats.mm; sourceTree = SOURCE_ROOT; };
		7B36C03299DD7496E7410610 /* IOKit.framework */ /* IOKit.framework */ = {isa = PBXFileReference; lastKnownFileType = wrapper.framework; name = IOKit.framework; path = System/Library/Frameworks/IOKit.framework; sourceTree = SDKROOT; };
		83FB9FED7C0BE97DE9B2A360 /* include_juce_gui_basics.mm */ /* include_juce_gui_basics.mm */ = {isa = PBXFileReference; lastKnownFileType = sourcecode.cpp.objcpp; name = include_juce_gui_basics.mm; path = ../../JuceLibraryCode/include_juce_gui_basics.mm; sourceTree = SOURCE_ROOT; };
		8841DF256A0D4B70271D1435 /* include_juce_audio_basics.mm */ /* include_juce_audio_basics.mm */ = {isa = PBXFileReference; lastKnownFileType = sourcecode.cpp.objcpp; name = include_juce_audio_basics.mm; path = ../../JuceLibraryCode/include_juce_audio_basics.mm; sourceTree = SOURCE_ROOT; };
		98EFEDF96D03E326D6F0FAB1 /* PluginProcessor.h */ /* PluginProcessor.h */ = {isa = PBXFileReference; lastKnownFileType = sourcecode.c.h; name = PluginProcessor.h; path = ../../Source/PluginProcessor.h; sourceTree = SOURCE_ROOT; };
		9953ACE56F6FB0F8FE169FBE /* include_juce_gui_basics_3.cpp */ /* include_juce_gui_basics_3.cpp */ = {isa = PBXFileReference; lastKnownFileType = sourcecode.cpp.cpp; name = include_juce_gui_basics_3.cpp; path = ../../JuceLibraryCode/include_juce_gui_basics_3.cpp; sourceTree = SOURCE_ROOT; };
		9DC8B4ED3889956651B7DD08 /* include_juce_graphics.mm */ /* include_juce_graphics.mm */ = {isa = PBXFileReference; lastKnownFileType = sourcecode.cpp.objcpp; name = include_juce_graphics.mm; path = ../../JuceLibraryCode/include_juce_graphics.mm; sourceTree = SOURCE_ROOT; };
		A04E2D425D43C54A61F314EF /* DiscRecording.framework */ /* DiscRecording.framework */ = {isa = PBXFileReference; lastKnownFileType = wrapper.framework; name = DiscRecording.framework; path = System/Library/Frameworks/DiscRecording.framework; sourceTree = SDKROOT; };
		A1036F9A444935F650531C0D /* MicStage.h */ /* MicStage.h */ = {isa = PBXFileReference; lastKnownFileType = sourcecode.c.h; name = MicStage.h; path = ../../Source/dsp/MicStage.h; sourceTree = SOURCE_ROOT; };
		A3326285A98ABF3AC6B864DF /* juce_core */ /* juce_core */ = {isa = PBXFileReference; lastKnownFileType = folder; name = juce_core; path = /Applications/JUCE/modules/juce_core; sourceTree = "<absolute>"; };
		A3E9E0AE43DBBF388E2E7299 /* include_juce_core_CompilationTime.cpp */ /* include_juce_core_CompilationTime.cpp */ = {isa = PBXFileReference; lastKnownFileType = sourcecode.cpp.cpp; name = include_juce_core_CompilationTime.cpp; path = ../../JuceLibraryCode/include_juce_core_CompilationTime.cpp; sourceTree = SOURCE_ROOT; };
		AB781A28B7F152F63CDA3751 /* include_juce_gui_extra.mm */ /* include_juce_gui_extra.mm */ = {isa = PBXFileReference; lastKnownFileType = sourcecode.cpp.objcpp; name = include_juce_gui_extra.mm; path = ../../JuceLibraryCode/include_juce_gui_extra.mm; sourceTree = SOURCE_ROOT; };
		AEAFFB797083089D99C97B54 /* CoreAudioKit.framework */ /* CoreAudioKit.framework */ = {isa = PBXFileReference; lastKnownFileType = wrapper.framework; name = CoreAudioKit.framework; path = System/Library/Frameworks/CoreAudioKit.framework; sourceTree = SDKROOT; };
		B4B3387F974C5AB3D520B171 /* CandleKnob.cpp */ /* CandleKnob.cpp */ = {isa = PBXFileReference; lastKnownFileType = sourcecode.cpp.cpp; name = CandleKnob.cpp; path = ../../Source/gui/CandleKnob.cpp; sourceTree = SOURCE_ROOT; };
		B74147020411E2AAF925570C /* CassetteTape.h */ /* CassetteTape.h */ = {isa = PBXFileReference; lastKnownFileType = sourcecode.c.h; name = CassetteTape.h; path = ../../Source/dsp/CassetteTape.h; sourceTree = SOURCE_ROOT; };
		BDADE9BB99CD90EF24A9405D /* include_juce_data_structures.mm */ /* include_juce_data_structures.mm */ = {isa = PBXFileReference; lastKnownFileType = sourcecode.cpp.objcpp; name = include_juce_data_structures.mm; path = ../../JuceLibraryCode/include_juce_data_structures.mm; sourceTree = SOURCE_ROOT; };
		C4ADE55C4F7F19DA619E937D /* CoreAudio.framework */ /* CoreAudio.framework */ = {isa = PBXFileReference; lastKnownFileType = wrapper.framework; name = CoreAudio.framework; path = System/Library/Frameworks/CoreAudio.framework; sourceTree = SDKROOT; };
		C7F329858E05FCA2D519A2D0 /* RecentFilesMenuTemplate.nib */ /* RecentFilesMenuTemplate.nib */ = {isa = PBXFileReference; lastKnownFileType = file.nib; name = RecentFilesMenuTemplate.nib; path = RecentFilesMenuTemplate.nib; sourceTree = SOURCE_ROOT; };
		C8BC23DD3E38252FBEE4C51A /* include_juce_gui_basics_2.cpp */ /* include_juce_gui_basics_2.cpp */ = {isa = PBXFileReference; lastKnownFileType = sourcecode.cpp.cpp; name = include_juce_gui_basics_2.cpp; path = ../../JuceLibraryCode/include_juce_gui_basics_2.cpp; sourceTree = SOURCE_ROOT; };
		CE6A7178EF200719DED13CA0 /* juce_audio_basics */ /* juce_audio_basics */ = {isa = PBXFileReference; lastKnownFileType = folder; name = juce_audio_basics; path = /Applications/JUCE/modules/juce_audio_basics; sourceTree = "<absolute>"; };
		CE94CEE12DA6F9638BDF19E4 /* juce_audio_plugin_client */ /* juce_audio_plugin_client */ = {isa = PBXFileReference; lastKnownFileType = folder; name = juce_audio_plugin_client; path = /Applications/JUCE/modules/juce_audio_plugin_client; sourceTree = "<absolute>"; };
		D00F830933E708FC00BF64D9 /* include_juce_audio_plugin_client_AU_2.mm */ /* include_juce_audio_plugin_client_AU_2.mm */ = {isa = PBXFileReference; lastKnownFileType = sourcecode.cpp.objcpp; name = include_juce_audio_plugin_client_AU_2.mm; path = ../../JuceLibraryCode/include_juce_audio_plugin_client_AU_2.mm; sourceTree = SOURCE_ROOT; };
		D221978C466F2F38EA466925 /* include_juce_core.mm */ /* include_juce_core.mm */ = {isa = PBXFileReference; lastKnownFileType = sourcecode.cpp.objcpp; name = include_juce_core.mm; path = ../../JuceLibraryCode/include_juce_core.mm; sourceTree = SOURCE_ROOT; };
		D8AB2588E173E305C2D97FCF /* include_juce_audio_utils.mm */ /* include_juce_audio_utils.mm */ = {isa = PBXFileReference; lastKnownFileType = sourcecode.cpp.objcpp; name = include_juce_audio_utils.mm; path = ../../JuceLibraryCode/include_juce_audio_utils.mm; sourceTree = SOURCE_ROOT; };
		D8B3A852D2180D9C923896A5 /* juce_audio_processors_headless */ /* juce_audio_processors_headless */ = {isa = PBXFileReference; lastKnownFileType = folder; name = juce_audio_processors_headless; path = /Applications/JUCE/modules/juce_audio_processors_headless; sourceTree = "<absolute>"; };
		E14FBDE8441F5C168BB5431F /* juce_gui_basics */ /* juce_gui_basics */ = {isa = PBXFileReference; lastKnownFileType = folder; name = juce_gui_basics; path = /Applications/JUCE/modules/juce_gui_basics; sourceTree = "<absolute>"; };
		E336B1EC68322D38C3052005 /* Accelerate.framework */ /* Accelerate.framework */ = {isa = PBXFileReference; lastKnownFileType = wrapper.framework; name = Accelerate.framework; path = System/Library/Frameworks/Accelerate.framework; sourceTree = SDKROOT; };
		E451540F275C992BDB877C8A /* CoreMIDI.framework */ /* CoreMIDI.framework */ = {isa = PBXFileReference; lastKnownFileType = wrapper.framework; name = CoreMIDI.framework; path = System/Library/Frameworks/CoreMIDI.framework; sourceTree = SDKROOT; };
		E565E90F2C6D1B3292EC2F85 /* Metal.framework */ /* Metal.framework */ = {isa = PBXFileReference; lastKnownFileType = wrapper.framework; name = Metal.framework; path = System/Library/Frameworks/Metal.framework; sourceTree = SDKROOT; };
		EC2C80304A5DFF83850F0952 /* CandleLookAndFeel.h */ /* CandleLookAndFeel.h */ = {isa = PBXFileReference; lastKnownFileType = sourcecode.c.h; name = CandleLookAndFeel.h; path = ../../Source/gui/CandleLookAndFeel.h; sourceTree = SOURCE_ROOT; };
		EFB66291B49D9379ECAA0CF0 /* juce_audio_formats */ /* juce_audio_formats */ = {isa = PBXFileReference; lastKnownFileType = folder; name = juce_audio_formats; path = /Applications/JUCE/modules/juce_audio_formats; sourceTree = "<absolute>"; };
		EFFA0EE38D7B80C23FCDCE47 /* juce_events */ /* juce_events */ = {isa = PBXFileReference; lastKnownFileType = folder; name = juce_events; path = /Applications/JUCE/modules/juce_events; sourceTree = "<absolute>"; };
		F63F526EC38B0064993CD26E /* WebKit.framework */ /* WebKit.framework */ = {isa = PBXFileReference; lastKnownFileType = wrapper.framework; name = WebKit.framework; path = System/Library/Frameworks/WebKit.framework; sourceTree = SDKROOT; };
		F74ACA538ED4C8FD4CFE07AB /* juce_gui_extra */ /* juce_gui_extra */ = {isa = PBXFileReference; lastKnownFileType = folder; name = juce_gui_extra; path = /Applications/JUCE/modules/juce_gui_extra; sourceTree = "<absolute>"; };
		F858B10086683202C58510AC /* Info-VST3_Manifest_Helper.plist */ /* Info-VST3_Manifest_Helper.plist */ = {isa = PBXFileReference; lastKnownFileType = text.plist.xml; name = "Info-VST3_Manifest_Helper.plist"; path = "Info-VST3_Manifest_Helper.plist"; sourceTree = SOURCE_ROOT; };
		FAB915D5A9FD6E9568DDFF78 /* PluginEditor.h */ /* PluginEditor.h */ = {isa = PBXFileReference; lastKnownFileType = sourcecode.c.h; name = PluginEditor.h; path = ../../Source/PluginEditor.h; sourceTree = SOURCE_ROOT; };
		FBB3622E7EE7F8A4EF82AC84 /* juce_graphics */ /* juce_graphics */ = {isa = PBXFileReference; lastKnownFileType = folder; name = juce_graphics; path = /Applications/JUCE/modules/juce_graphics; sourceTree = "<absolute>"; };
/* End PBXFileReference section */

/* Begin PBXFrameworksBuildPhase section */
		1334962F72AA1E4AED548311 = {
			isa = PBXFrameworksBuildPhase;
			buildActionMask = 2147483647;
			files = (
				B8372AB90078361EDBD06DA7,
				8D5753C3A241428F261CBEE9,
				CBD29BF6DEEDCEE5CD4D439A,
				395626508C2A273338778984,
				71D79A432249662F8EFBBF26,
				D183A1046A7AC0B58199614C,
				88F353F66A3C2246587A920E,
				5FEE2A876A71D9E02C0DDCFF,
				1AF41F68C36F81529B792966,
				504E19C152B642BBC59BA79D,
				AC5974305D197AC14A1CEE72,
				3CEBBB92B4C9902D6732AE23,
				EE872CB5619D56FECBFE0D6D,
				D05D36B4DC310B05452F1ED5,
			);
			runOnlyForDeploymentPostprocessing = 0;
		};
		591FADDFEBF8B5A84487E44F = {
			isa = PBXFrameworksBuildPhase;
			buildActionMask = 2147483647;
			files = (
				B8372AB90078361EDBD06DA7,
				8D5753C3A241428F261CBEE9,
				CBD29BF6DEEDCEE5CD4D439A,
				395626508C2A273338778984,
				71D79A432249662F8EFBBF26,
				D183A1046A7AC0B58199614C,
				88F353F66A3C2246587A920E,
				5FEE2A876A71D9E02C0DDCFF,
				1AF41F68C36F81529B792966,
				504E19C152B642BBC59BA79D,
				AC5974305D197AC14A1CEE72,
				3CEBBB92B4C9902D6732AE23,
				EE872CB5619D56FECBFE0D6D,
				D05D36B4DC310B05452F1ED5,
			);
			runOnlyForDeploymentPostprocessing = 0;
		};
		AAF2BC7C37A6AFE89792A766 = {
			isa = PBXFrameworksBuildPhase;
			buildActionMask = 2147483647;
			files = (
				90B2B8DCB89947AEE70F9FBF,
				B8372AB90078361EDBD06DA7,
				8D5753C3A241428F261CBEE9,
				CBD29BF6DEEDCEE5CD4D439A,
				395626508C2A273338778984,
				71D79A432249662F8EFBBF26,
				D183A1046A7AC0B58199614C,
				88F353F66A3C2246587A920E,
				5FEE2A876A71D9E02C0DDCFF,
				1AF41F68C36F81529B792966,
				504E19C152B642BBC59BA79D,
				AC5974305D197AC14A1CEE72,
				3CEBBB92B4C9902D6732AE23,
				EE872CB5619D56FECBFE0D6D,
				D05D36B4DC310B05452F1ED5,
			);
			runOnlyForDeploymentPostprocessing = 0;
		};
/* End PBXFrameworksBuildPhase section */

/* Begin PBXGroup section */
		038269535CA2A326CC43BB6F /* Candle */ = {
			isa = PBXGroup;
			children = (
				F672C199E0201B63ADB302A5,
			);
			name = Candle;
			sourceTree = "<group>";
		};
		10D76369E5D23E98F652C7E7 /* Resources */ = {
			isa = PBXGroup;
			children = (
				3C100B95A194444AD5C164EA,
				7042B3647A0DC6B2B1F625F3,
				F858B10086683202C58510AC,
				C7F329858E05FCA2D519A2D0,
			);
			name = Resources;
			sourceTree = "<group>";
		};
		28889989784F6E86D44C1F8C /* dsp */ = {
			isa = PBXGroup;
			children = (
				78D4E82BCE77CCEB3F6A9E38,
				B74147020411E2AAF925570C,
				29FE18918EBE9BAA0891760A,
				A1036F9A444935F650531C0D,
			);
			name = dsp;
			sourceTree = "<group>";
		};
		32C17332468749A42929226B /* gui */ = {
			isa = PBXGroup;
			children = (
				3A0D895955B0659848870968,
				EC2C80304A5DFF83850F0952,
				B4B3387F974C5AB3D520B171,
				7606132B5F347FD84CE2FFD4,
			);
			name = gui;
			sourceTree = "<group>";
		};
		9C6A6DE1E87C04EBAD3A210E /* Products */ = {
			isa = PBXGroup;
			children = (
				1E32BF2DC953C910C8190005,
				1A3DE0C0486B884B10142814,
				0891BE65CC0869D43F2ABDB7,
				73E3CF6976A2D04729BDAEF5,
			);
			name = Products;
			sourceTree = "<group>";
		};
		A44F1489DD7D96FE3B6FCBA9 /* Frameworks */ = {
			isa = PBXGroup;
			children = (
				0DDA6FD3877E37864A14310E,
				E336B1EC68322D38C3052005,
				293AF1348F105BD10643B389,
				00F41CA750D09F1C6F531FEA,
				C4ADE55C4F7F19DA619E937D,
				AEAFFB797083089D99C97B54,
				E451540F275C992BDB877C8A,
				A04E2D425D43C54A61F314EF,
				58C38592C5B9A969929CD617,
				7B36C03299DD7496E7410610,
				2A6EEBC3D832EE4684BBB708,
				4E0D7265295E0DC4C48DF15E,
				F63F526EC38B0064993CD26E,
				E565E90F2C6D1B3292EC2F85,
				6BA97008B9B74B9C4AC8E4BA,
			);
			name = Frameworks;
			sourceTree = "<group>";
		};
		BD62C55D421D0C392828CFBD /* JUCE Modules */ = {
			isa = PBXGroup;
			children = (
				CE6A7178EF200719DED13CA0,
				467D371A8B197CF1D0D8F9F5,
				EFB66291B49D9379ECAA0CF0,
				CE94CEE12DA6F9638BDF19E4,
				667B20AAB9FA6E5B350E7659,
				D8B3A852D2180D9C923896A5,
				56D7A8A8DBD4A6C80B7F8A4F,
				A3326285A98ABF3AC6B864DF,
				0A789C57424C478C41F69237,
				1254CBF132D119A09293D01D,
				EFFA0EE38D7B80C23FCDCE47,
				FBB3622E7EE7F8A4EF82AC84,
				E14FBDE8441F5C168BB5431F,
				F74ACA538ED4C8FD4CFE07AB,
			);
			name = "JUCE Modules";
			sourceTree = "<group>";
		};
		C270C63D116ED87156D5B417 /* JUCE Library Code */ = {
			isa = PBXGroup;
			children = (
				8841DF256A0D4B70271D1435,
				375D3180BE527E44DB8445C0,
				795E1C520CDD133F92BE9D13,
				155544AB42F082CA254859FF,
				0F5AC78012FD9172B7584547,
				D00F830933E708FC00BF64D9,
				73A1E6E0542C656674A2E0EC,
				4D42D36612797898D903D10F,
				76863CAF01DB5A56055D4E45,
				2BC6EBBDAEB1F5F790967882,
				6D3D76B05EBB12E9E6A8D2B9,
				D8AB2588E173E305C2D97FCF,
				D221978C466F2F38EA466925,
				A3E9E0AE43DBBF388E2E7299,
				BDADE9BB99CD90EF24A9405D,
				50634FD0776B3C79B399D874,
				603B05B23385F611CBAB4EF4,
				9DC8B4ED3889956651B7DD08,
				58614C180B81944BECDB9B7B,
				1AEFA8B7F18D57D4AC871722,
				83FB9FED7C0BE97DE9B2A360,
				C8BC23DD3E38252FBEE4C51A,
				9953ACE56F6FB0F8FE169FBE,
				15C6EF6C7C0AF8B6CCE171DC,
				78E5E8C4B6C5249510F10943,
				AB781A28B7F152F63CDA3751,
				3006A2B86FA8BD3CE2B6E163,
				716AC270CDCEFCA2F0F94A0B,
			);
			name = "JUCE Library Code";
			sourceTree = "<group>";
		};
		D880CD370C7B8782B7D89E1D /* Source */ = {
			isa = PBXGroup;
			children = (
				038269535CA2A326CC43BB6F,
				BD62C55D421D0C392828CFBD,
				C270C63D116ED87156D5B417,
				10D76369E5D23E98F652C7E7,
				A44F1489DD7D96FE3B6FCBA9,
				9C6A6DE1E87C04EBAD3A210E,
			);
			name = Source;
			sourceTree = "<group>";
		};
		F672C199E0201B63ADB302A5 /* Source */ = {
			isa = PBXGroup;
			children = (
				5C9CB3F600FA35D42A63F736,
				640426B722EAACF53FBF14CA,
				98EFEDF96D03E326D6F0FAB1,
				FAB915D5A9FD6E9568DDFF78,
				28889989784F6E86D44C1F8C,
				32C17332468749A42929226B,
			);
			name = Source;
			sourceTree = "<group>";
		};
/* End PBXGroup section */

/* Begin PBXNativeTarget section */
		3F3105D8693FBCA29CC720D4 /* Candle - VST3 Manifest Helper */ = {
			isa = PBXNativeTarget;
			buildConfigurationList = 54285B735F9890961A2E7CBD;
			buildPhases = (
				5FE3766DCD5E93FA08728472,
				591FADDFEBF8B5A84487E44F,
				A364C8878E0D98BC9B822DE2,
			);
			buildRules = (
			);
			dependencies = (
			);
			name = "Candle - VST3 Manifest Helper";
			productName = Candle;
			productReference = 73E3CF6976A2D04729BDAEF5;
			productType = "com.apple.product-type.tool";
		};
		50148ECDC1E883D119ACB722 /* Candle - Shared Code */ = {
			isa = PBXNativeTarget;
			buildConfigurationList = 09F699D43E7922722E4EF16A;
			buildPhases = (
				1BD6CA1A020C1D306E2C19DB,
			);
			buildRules = (
			);
			dependencies = (
			);
			name = "Candle - Shared Code";
			productName = Candle;
			productReference = 0891BE65CC0869D43F2ABDB7;
			productType = "com.apple.product-type.library.static";
		};
		69057DF6B151F3AA9B39A1DF /* Candle - AU */ = {
			isa = PBXNativeTarget;
			buildConfigurationList = 3EA1ACD07B27BFEE02C7A0A4;
			buildPhases = (
				FB3B0E4EB8B0F9B69471CF98,
				121D5568834DD69F45D51515,
				AAF2BC7C37A6AFE89792A766,
				A6D63E2F2D40D8C37DADE322,
				5A7388E634CA1DDB1F0ACA8B,
			);
			buildRules = (
			);
			dependencies = (
				C1036D303E5E127DE03815A6,
			);
			name = "Candle - AU";
			productName = Candle;
			productReference = 1A3DE0C0486B884B10142814;
			productType = "com.apple.product-type.bundle";
		};
		DC332F610FBED35FDCC51963 /* Candle - VST3 */ = {
			isa = PBXNativeTarget;
			buildConfigurationList = F4914B7FEDB86C6E47796A34;
			buildPhases = (
				7D0ED4A3D9A7D5E9412A30F8,
				7EF65A23EA249361E6A2B06D,
				1334962F72AA1E4AED548311,
				907753C91E83A6CCF496814C,
				510EF406255FD28C1D08DA90,
				EDAA380E7C0D7D933080FE32,
			);
			buildRules = (
			);
			dependencies = (
				178D37567355DED97A649F8D,
				4BFF5386585CA83D8A764EA7,
			);
			name = "Candle - VST3";
			productName = Candle;
			productReference = 1E32BF2DC953C910C8190005;
			productType = "com.apple.product-type.bundle";
		};
/* End PBXNativeTarget section */

/* Begin PBXProject section */
		0447BF088A89B81471437DF3 = {
			isa = PBXProject;
			attributes = {
				BuildIndependentTargetsInParallel = YES;
				LastUpgradeCheck = 1340;
				ORGANIZATIONNAME = "Rubblesonic";
				TargetAttributes = {
					3F3105D8693FBCA29CC720D4 = {
						SystemCapabilities = {
							com.apple.ApplicationGroups.iOS = {
								enabled = 0;
							};
							com.apple.HardenedRuntime = {
								enabled = 0;
							};
							com.apple.InAppPurchase = {
								enabled = 0;
							};
							com.apple.InterAppAudio = {
								enabled = 0;
							};
							com.apple.Push = {
								enabled = 0;
							};
							com.apple.Sandbox = {
								enabled = 0;
							};
						};
					};
					50148ECDC1E883D119ACB722 = {
						SystemCapabilities = {
							com.apple.ApplicationGroups.iOS = {
								enabled = 0;
							};
							com.apple.HardenedRuntime = {
								enabled = 0;
							};
							com.apple.InAppPurchase = {
								enabled = 0;
							};
							com.apple.InterAppAudio = {
								enabled = 0;
							};
							com.apple.Push = {
								enabled = 0;
							};
							com.apple.Sandbox = {
								enabled = 0;
							};
						};
					};
					564B0EAF4AC19FC3AFC0BF43 = {
						SystemCapabilities = {
							com.apple.ApplicationGroups.iOS = {
								enabled = 0;
							};
							com.apple.HardenedRuntime = {
								enabled = 0;
							};
							com.apple.InAppPurchase = {
								enabled = 0;
							};
							com.apple.InterAppAudio = {
								enabled = 0;
							};
							com.apple.Push = {
								enabled = 0;
							};
							com.apple.Sandbox = {
								enabled = 0;
							};
						};
					};
					69057DF6B151F3AA9B39A1DF = {
						SystemCapabilities = {
							com.apple.ApplicationGroups.iOS = {
								enabled = 0;
							};
							com.apple.HardenedRuntime = {
								enabled = 0;
							};
							com.apple.InAppPurchase = {
								enabled = 0;
							};
							com.apple.InterAppAudio = {
								enabled = 0;
							};
							com.apple.Push = {
								enabled = 0;
							};
							com.apple.Sandbox = {
								enabled = 0;
							};
						};
					};
					DC332F610FBED35FDCC51963 = {
						SystemCapabilities = {
							com.apple.ApplicationGroups.iOS = {
								enabled = 0;
							};
							com.apple.HardenedRuntime = {
								enabled = 0;
							};
							com.apple.InAppPurchase = {
								enabled = 0;
							};
							com.apple.InterAppAudio = {
								enabled = 0;
							};
							com.apple.Push = {
								enabled = 0;
							};
							com.apple.Sandbox = {
								enabled = 0;
							};
						};
					};
				};
			};
			buildConfigurationList = 250CE9047FA93E74ED7A02FF;
			compatibilityVersion = "Xcode 3.2";
			hasScannedForEncodings = 0;
			knownRegions = (
				en,
				Base,
			);
			mainGroup = D880CD370C7B8782B7D89E1D;
			projectDirPath = "";
			projectRoot = "";
			targets = (
				564B0EAF4AC19FC3AFC0BF43,
				DC332F610FBED35FDCC51963,
				69057DF6B151F3AA9B39A1DF,
				50148ECDC1E883D119ACB722,
				3F3105D8693FBCA29CC720D4,
			);
		};
/* End PBXProject section */

/* Begin PBXResourcesBuildPhase section */
		7D0ED4A3D9A7D5E9412A30F8 = {
			isa = PBXResourcesBuildPhase;
			buildActionMask = 2147483647;
			files = (
				2C489FBDAF7A433D0674852B,
			);
			runOnlyForDeploymentPostprocessing = 0;
		};
		FB3B0E4EB8B0F9B69471CF98 = {
			isa = PBXResourcesBuildPhase;
			buildActionMask = 2147483647;
			files = (
				2C489FBDAF7A433D0674852B,
			);
			runOnlyForDeploymentPostprocessing = 0;
		};
/* End PBXResourcesBuildPhase section */

/* Begin PBXShellScriptBuildPhase section */
		510EF406255FD28C1D08DA90 /* Sign Target */ = {
			isa = PBXShellScriptBuildPhase;
			buildActionMask = 2147483647;
			files = (
			);
			runOnlyForDeploymentPostprocessing = 0;
			name = "Sign Target";
			alwaysOutOfDate = 1;
			shellPath = /bin/sh;
			shellScript = "set -euo pipefail\n\necho Signing Identity:	${EXPANDED_CODE_SIGN_IDENTITY_NAME:-${CODE_SIGN_IDENTITY}}\n\nentitlementsFile=\"${TARGET_TEMP_DIR}/${FULL_PRODUCT_NAME}.xcent\"\n\nif [[ ! -f \"${entitlementsFile}\" ]]; then\n  entitlementsFile=\"\"\nfi\n\necho Entitlements File:	${entitlementsFile:-None}\necho\necho Running codesign --force --sign \\\"${EXPANDED_CODE_SIGN_IDENTITY:-${CODE_SIGN_IDENTITY}}\\\" --verbose=4 --timestamp  ${entitlementsFile:+--entitlements \\\"${entitlementsFile}\\\"} --generate-entitlement-der \\\"${CODESIGNING_FOLDER_PATH}\\\"\ncodesign --force --sign \"${EXPANDED_CODE_SIGN_IDENTITY:-${CODE_SIGN_IDENTITY}}\" --verbose=4 --timestamp  ${entitlementsFile:+--entitlements \"${entitlementsFile}\"} --generate-entitlement-der \"${CODESIGNING_FOLDER_PATH}\"\necho\necho Running codesign --verify --deep --verbose=4 \\\"${CODESIGNING_FOLDER_PATH}\\\"\ncodesign --verify --deep --verbose=4 \"${CODESIGNING_FOLDER_PATH}\"\n";
		};
		5A7388E634CA1DDB1F0ACA8B /* Install Target */ = {
			isa = PBXShellScriptBuildPhase;
			buildActionMask = 2147483647;
			files = (
			);
			runOnlyForDeploymentPostprocessing = 0;
			name = "Install Target";
			alwaysOutOfDate = 1;
			shellPath = /bin/sh;
			shellScript = "set -euo pipefail\n\nif [[ \"${CONFIGURATION}\" == \"Debug\" ]]; then\n  destinationPath=\"${HOME}/Library/Audio/Plug-Ins/Components/$(basename \"${TARGET_BUILD_DIR}/${WRAPPER_NAME:-${EXECUTABLE_NAME}}\")\"\nfi\n\nif [[ \"${CONFIGURATION}\" == \"Release\" ]]; then\n  destinationPath=\"${HOME}/Library/Audio/Plug-Ins/Components/$(basename \"${TARGET_BUILD_DIR}/${WRAPPER_NAME:-${EXECUTABLE_NAME}}\")\"\nfi\n\nif [[ -n \"${destinationPath-}\" ]]; then\n  echo Running rm -rf \\\"${destinationPath}\\\"\n  rm -rf \"${destinationPath}\"\n  echo Running ditto \\\"${TARGET_BUILD_DIR}/${WRAPPER_NAME:-${EXECUTABLE_NAME}}\\\" \\\"${destinationPath}\\\"\n  ditto \"${TARGET_BUILD_DIR}/${WRAPPER_NAME:-${EXECUTABLE_NAME}}\" \"${destinationPath}\"\nfi\n";
		};
		907753C91E83A6CCF496814C /* Create VST3 Manifest */ = {
			isa = PBXShellScriptBuildPhase;
			buildActionMask = 2147483647;
			files = (
			);
			runOnlyForDeploymentPostprocessing = 0;
			name = "Create VST3 Manifest";
			alwaysOutOfDate = 1;
			shellPath = /bin/sh;
			shellScript = "set -euo pipefail\n\necho Running \\\"${CONFIGURATION_BUILD_DIR}/juce_vst3_helper\\\" \\> \\\"${CONFIGURATION_BUILD_DIR}/${WRAPPER_NAME}/Contents/Resources/moduleinfo.json\\\"\n\"${CONFIGURATION_BUILD_DIR}/juce_vst3_helper\" > \"${CONFIGURATION_BUILD_DIR}/${WRAPPER_NAME}/Contents/Resources/moduleinfo.json\"\n";
		};
		A364C8878E0D98BC9B822DE2 /* Sign Target */ = {
			isa = PBXShellScriptBuildPhase;
			buildActionMask = 2147483647;
			files = (
			);
			runOnlyForDeploymentPostprocessing = 0;
			name = "Sign Target";
			alwaysOutOfDate = 1;
			shellPath = /bin/sh;
			shellScript = "set -euo pipefail\n\necho Signing Identity:	${EXPANDED_CODE_SIGN_IDENTITY_NAME:-${CODE_SIGN_IDENTITY}}\n\nentitlementsFile=\"${TARGET_TEMP_DIR}/${FULL_PRODUCT_NAME}.xcent\"\n\nif [[ ! -f \"${entitlementsFile}\" ]]; then\n  entitlementsFile=\"\"\nfi\n\necho Entitlements File:	${entitlementsFile:-None}\necho\necho Running codesign --force --sign \\\"${EXPANDED_CODE_SIGN_IDENTITY:-${CODE_SIGN_IDENTITY}}\\\" --verbose=4 --timestamp  ${entitlementsFile:+--entitlements \\\"${entitlementsFile}\\\"} --generate-entitlement-der \\\"${CODESIGNING_FOLDER_PATH}\\\"\ncodesign --force --sign \"${EXPANDED_CODE_SIGN_IDENTITY:-${CODE_SIGN_IDENTITY}}\" --verbose=4 --timestamp  ${entitlementsFile:+--entitlements \"${entitlementsFile}\"} --generate-entitlement-der \"${CODESIGNING_FOLDER_PATH}\"\necho\necho Running codesign --verify --deep --verbose=4 \\\"${CODESIGNING_FOLDER_PATH}\\\"\ncodesign --verify --deep --verbose=4 \"${CODESIGNING_FOLDER_PATH}\"\n";
		};
		A6D63E2F2D40D8C37DADE322 /* Sign Target */ = {
			isa = PBXShellScriptBuildPhase;
			buildActionMask = 2147483647;
			files = (
			);
			runOnlyForDeploymentPostprocessing = 0;
			name = "Sign Target";
			alwaysOutOfDate = 1;
			shellPath = /bin/sh;
			shellScript = "set -euo pipefail\n\necho Signing Identity:	${EXPANDED_CODE_SIGN_IDENTITY_NAME:-${CODE_SIGN_IDENTITY}}\n\nentitlementsFile=\"${TARGET_TEMP_DIR}/${FULL_PRODUCT_NAME}.xcent\"\n\nif [[ ! -f \"${entitlementsFile}\" ]]; then\n  entitlementsFile=\"\"\nfi\n\necho Entitlements File:	${entitlementsFile:-None}\necho\necho Running codesign --force --sign \\\"${EXPANDED_CODE_SIGN_IDENTITY:-${CODE_SIGN_IDENTITY}}\\\" --verbose=4 --timestamp  ${entitlementsFile:+--entitlements \\\"${entitlementsFile}\\\"} --generate-entitlement-der \\\"${CODESIGNING_FOLDER_PATH}\\\"\ncodesign --force --sign \"${EXPANDED_CODE_SIGN_IDENTITY:-${CODE_SIGN_IDENTITY}}\" --verbose=4 --timestamp  ${entitlementsFile:+--entitlements \"${entitlementsFile}\"} --generate-entitlement-der \"${CODESIGNING_FOLDER_PATH}\"\necho\necho Running codesign --verify --deep --verbose=4 \\\"${CODESIGNING_FOLDER_PATH}\\\"\ncodesign --verify --deep --verbose=4 \"${CODESIGNING_FOLDER_PATH}\"\n";
		};
		EDAA380E7C0D7D933080FE32 /* Install Target */ = {
			isa = PBXShellScriptBuildPhase;
			buildActionMask = 2147483647;
			files = (
			);
			runOnlyForDeploymentPostprocessing = 0;
			name = "Install Target";
			alwaysOutOfDate = 1;
			shellPath = /bin/sh;
			shellScript = "set -euo pipefail\n\nif [[ \"${CONFIGURATION}\" == \"Debug\" ]]; then\n  destinationPath=\"${HOME}/Library/Audio/Plug-Ins/VST3/$(basename \"${TARGET_BUILD_DIR}/${WRAPPER_NAME:-${EXECUTABLE_NAME}}\")\"\nfi\n\nif [[ \"${CONFIGURATION}\" == \"Release\" ]]; then\n  destinationPath=\"${HOME}/Library/Audio/Plug-Ins/VST3/$(basename \"${TARGET_BUILD_DIR}/${WRAPPER_NAME:-${EXECUTABLE_NAME}}\")\"\nfi\n\nif [[ -n \"${destinationPath-}\" ]]; then\n  echo Running rm -rf \\\"${destinationPath}\\\"\n  rm -rf \"${destinationPath}\"\n  echo Running ditto \\\"${TARGET_BUILD_DIR}/${WRAPPER_NAME:-${EXECUTABLE_NAME}}\\\" \\\"${destinationPath}\\\"\n  ditto \"${TARGET_BUILD_DIR}/${WRAPPER_NAME:-${EXECUTABLE_NAME}}\" \"${destinationPath}\"\nfi\n";
		};
/* End PBXShellScriptBuildPhase section */

/* Begin PBXSourcesBuildPhase section */
		121D5568834DD69F45D51515 = {
			isa = PBXSourcesBuildPhase;
			buildActionMask = 2147483647;
			files = (
				9092F5FB5E6936BD0E788718,
				BEAC01E80B5E25317C47E2D9,
			);
			runOnlyForDeploymentPostprocessing = 0;
		};
		1BD6CA1A020C1D306E2C19DB = {
			isa = PBXSourcesBuildPhase;
			buildActionMask = 2147483647;
			files = (
				0113113C37F65FFA98867094,
				672BEC08CD66B8FEBC37C29F,
				0B19DD131A67566FE32AE938,
				8CDEEF127114C339CD7A306C,
				F391DD657C93A670486B1C79,
				6D2C974198AC0221DDBC98D9,
				36AEB64254384A6247590D39,
				80B9F4E1CF768DF134CEF2A1,
				090EDF4E47D1F69378EB506D,
				E4272C4F211908DD26F98D2F,
				4C77643724A14D4647A25C4A,
				2C4EDCACA5EEB01537452BF7,
				167102E2C975B0BB4F58F818,
				4ED3F98E4E2DE5CA2E3EC307,
				6EF0E0E4C7BA3F92CD1787CF,
				6FC8F9A1393E24EE4F2F9365,
				D68E78D1DF66CF56221FAEF6,
				92FDD21ACED304FFCA4D45B3,
				9E4515D07CB6908C40F8362C,
				28D5911DD3523426C5A6F4E9,
				BE78BB208AA177E5866A1F74,
				322DD63BFEFC12D30C5415AA,
				8FA4B92C6AE710EC2898D937,
				33C26798C106A5929AB019F6,
				F70CBFE77196A4F9765A197C,
				E7065D6EA0C10E24FC045F42,
				7A32F3C1A15B2F477F357715,
				D2331F8562A2827DBB694F04,
				426713C18AE68954E238CD73,
			);
			runOnlyForDeploymentPostprocessing = 0;
		};
		5FE3766DCD5E93FA08728472 = {
			isa = PBXSourcesBuildPhase;
			buildActionMask = 2147483647;
			files = (
				DA89D54554F3CCD33AFA1715,
			);
			runOnlyForDeploymentPostprocessing = 0;
		};
		7EF65A23EA249361E6A2B06D = {
			isa = PBXSourcesBuildPhase;
			buildActionMask = 2147483647;
			files = (
				DD17C42C8DFE2B26F7FC5666,
			);
			runOnlyForDeploymentPostprocessing = 0;
		};
/* End PBXSourcesBuildPhase section */

/* Begin PBXTargetDependency section */
		178D37567355DED97A649F8D = {
			isa = PBXTargetDependency;
			target = 50148ECDC1E883D119ACB722;
		};
		4BFF5386585CA83D8A764EA7 = {
			isa = PBXTargetDependency;
			target = 3F3105D8693FBCA29CC720D4;
		};
		5F0A16359E5C397B9AA1E13B = {
			isa = PBXTargetDependency;
			target = 50148ECDC1E883D119ACB722;
		};
		6741FDEF66795C5D72E7364B = {
			isa = PBXTargetDependency;
			target = DC332F610FBED35FDCC51963;
		};
		8B30E7C5293ABB212AA5E7C6 = {
			isa = PBXTargetDependency;
			target = 69057DF6B151F3AA9B39A1DF;
		};
		B588D2D3AAC227F5D7F9ED00 = {
			isa = PBXTargetDependency;
			target = 3F3105D8693FBCA29CC720D4;
		};
		C1036D303E5E127DE03815A6 = {
			isa = PBXTargetDependency;
			target = 50148ECDC1E883D119ACB722;
		};
/* End PBXTargetDependency section */

/* Begin XCBuildConfiguration section */
		01427CA8BE1A6CB0F919C4CC /* Debug */ = {
			isa = XCBuildConfiguration;
			buildSettings = {
				ALWAYS_SEARCH_USER_PATHS = NO;
				CLANG_ENABLE_OBJC_WEAK = YES;
				CLANG_WARN_BLOCK_CAPTURE_AUTORELEASING = YES;
				CLANG_WARN_BOOL_CONVERSION = YES;
				CLANG_WARN_COMMA = YES;
				CLANG_WARN_CONSTANT_CONVERSION = YES;
				CLANG_WARN_DEPRECATED_OBJC_IMPLEMENTATIONS = YES;
				CLANG_WARN_EMPTY_BODY = YES;
				CLANG_WARN_ENUM_CONVERSION = YES;
				CLANG_WARN_INFINITE_RECURSION = YES;
				CLANG_WARN_INT_CONVERSION = YES;
				CLANG_WARN_NON_LITERAL_NULL_CONVERSION = YES;
				CLANG_WARN_OBJC_IMPLICIT_RETAIN_SELF = YES;
				CLANG_WARN_OBJC_LITERAL_CONVERSION = YES;
				CLANG_WARN_RANGE_LOOP_ANALYSIS = YES;
				CLANG_WARN_STRICT_PROTOTYPES = YES;
				CLANG_WARN_SUSPICIOUS_MOVE = YES;
				CLANG_WARN_UNREACHABLE_CODE = YES;
				CLANG_WARN__DUPLICATE_METHOD_MATCH = YES;
				CODE_SIGN_IDENTITY = "-";
				DEBUG_INFORMATION_FORMAT = dwarf;
				ENABLE_STRICT_OBJC_MSGSEND = YES;
				ENABLE_TESTABILITY = NO;
				GCC_C_LANGUAGE_STANDARD = c11;
				GCC_INLINES_ARE_PRIVATE_EXTERN = YES;
				GCC_MODEL_TUNING = G5;
				GCC_NO_COMMON_BLOCKS = YES;
				GCC_SYMBOLS_PRIVATE_EXTERN = YES;
				GCC_WARN_64_TO_32_BIT_CONVERSION = YES;
				GCC_WARN_ABOUT_RETURN_TYPE = YES;
				GCC_WARN_CHECK_SWITCH_STATEMENTS = YES;
				GCC_WARN_MISSING_PARENTHESES = YES;
				GCC_WARN_NON_VIRTUAL_DESTRUCTOR = YES;
				GCC_WARN_TYPECHECK_CALLS_TO_PRINTF = YES;
				GCC_WARN_UNDECLARED_SELECTOR = YES;
				GCC_WARN_UNINITIALIZED_AUTOS = YES;
				GCC_WARN_UNUSED_FUNCTION = YES;
				GCC_WARN_UNUSED_VARIABLE = YES;
				ONLY_ACTIVE_ARCH = YES;
				OTHER_CODE_SIGN_FLAGS = "--dryrun";
				PRODUCT_NAME = "Candle";
				SDKROOT = macosx;
				WARNING_CFLAGS = "-Wreorder";
				ZERO_LINK = NO;
			};
			name = Debug;
		};
		01E604C8B21A0A8928B40BBC /* Debug */ = {
			isa = XCBuildConfiguration;
			buildSettings = {
				CLANG_CXX_LANGUAGE_STANDARD = "c++17";
				CLANG_CXX_LIBRARY = "libc++";
				CLANG_LINK_OBJC_RUNTIME = NO;
				CODE_SIGN_ENTITLEMENTS = "";
				CODE_SIGN_IDENTITY = "-";
				CODE_SIGN_STYLE = Manual;
				COMBINE_HIDPI_IMAGES = YES;
				CONFIGURATION_BUILD_DIR = "$(PROJECT_DIR)/build/$(CONFIGURATION)";
				COPY_PHASE_STRIP = NO;
				DEPLOYMENT_POSTPROCESSING = NO;
				EXCLUDED_ARCHS = "";
				GCC_DYNAMIC_NO_PIC = NO;
				GCC_OPTIMIZATION_LEVEL = 0;
				GCC_PREPROCESSOR_DEFINITIONS = (
					"_DEBUG=1",
					"DEBUG=1",
					"JUCE_PROJUCER_VERSION=0x8000d",
					"JUCE_MODULE_AVAILABLE_juce_audio_basics=1",
					"JUCE_MODULE_AVAILABLE_juce_audio_devices=1",
					"JUCE_MODULE_AVAILABLE_juce_audio_formats=1",
					"JUCE_MODULE_AVAILABLE_juce_audio_plugin_client=1",
					"JUCE_MODULE_AVAILABLE_juce_audio_processors=1",
					"JUCE_MODULE_AVAILABLE_juce_audio_processors_headless=1",
					"JUCE_MODULE_AVAILABLE_juce_audio_utils=1",
					"JUCE_MODULE_AVAILABLE_juce_core=1",
					"JUCE_MODULE_AVAILABLE_juce_data_structures=1",
					"JUCE_MODULE_AVAILABLE_juce_dsp=1",
					"JUCE_MODULE_AVAILABLE_juce_events=1",
					"JUCE_MODULE_AVAILABLE_juce_graphics=1",
					"JUCE_MODULE_AVAILABLE_juce_gui_basics=1",
					"JUCE_MODULE_AVAILABLE_juce_gui_extra=1",
					"JUCE_GLOBAL_MODULE_SETTINGS_INCLUDED=1",
					"JUCE_VST3_CAN_REPLACE_VST2=0",
					"JUCE_STRICT_REFCOUNTEDPOINTER=1",
					"JucePlugin_Build_VST=0",
					"JucePlugin_Build_VST3=0",
					"JucePlugin_Build_AU=0",
					"JucePlugin_Build_AUv3=0",
					"JucePlugin_Build_AAX=0",
					"JucePlugin_Build_Standalone=0",
					"JucePlugin_Build_Unity=0",
					"JucePlugin_Build_LV2=0",
					"JucePlugin_Enable_IAA=0",
					"JucePlugin_Enable_ARA=0",
					"JucePlugin_Name=\\\"Candle\\\"",
					"JucePlugin_Desc=\\\"Portastudio\\ 424\\ cassette\\ processor\\\"",
					"JucePlugin_Manufacturer=\\\"Rubblesonic\\\"",
					"JucePlugin_ManufacturerWebsite=\\\"https://rubblesonic.com\\\"",
					"JucePlugin_ManufacturerEmail=\\\"\\\"",
					"JucePlugin_ManufacturerCode=0x52554253",
					"JucePlugin_PluginCode=0x434e444c",
					"JucePlugin_IsSynth=0",
					"JucePlugin_WantsMidiInput=0",
					"JucePlugin_ProducesMidiOutput=0",
					"JucePlugin_IsMidiEffect=0",
					"JucePlugin_EditorRequiresKeyboardFocus=0",
					"JucePlugin_Version=0.1.0",
					"JucePlugin_VersionCode=0x100",
					"JucePlugin_VersionString=\\\"0.1.0\\\"",
					"JucePlugin_VSTUniqueID=JucePlugin_PluginCode",
					"JucePlugin_VSTCategory=kPlugCategEffect",
					"JucePlugin_Vst3Category=\\\"Fx\\\"",
					"JucePlugin_AUMainType=\\'aufx\\'",
					"JucePlugin_AUSubType=JucePlugin_PluginCode",
					"JucePlugin_AUExportPrefix=CandleAU",
					"JucePlugin_AUExportPrefixQuoted=\\\"CandleAU\\\"",
					"JucePlugin_AUManufacturerCode=JucePlugin_ManufacturerCode",
					"JucePlugin_CFBundleIdentifier=com.rubblesonic.candle",
					"JucePlugin_AAXIdentifier=com.Rubblesonic.Candle",
					"JucePlugin_AAXManufacturerCode=JucePlugin_ManufacturerCode",
					"JucePlugin_AAXProductId=JucePlugin_PluginCode",
					"JucePlugin_AAXCategory=0",
					"JucePlugin_AAXDisableBypass=0",
					"JucePlugin_AAXDisableMultiMono=0",
					"JucePlugin_IAAType=0x61757278",
					"JucePlugin_IAASubType=JucePlugin_PluginCode",
					"JucePlugin_IAAName=\\\"Rubblesonic:\\ Candle\\\"",
					"JucePlugin_VSTNumMidiInputs=16",
					"JucePlugin_VSTNumMidiOutputs=16",
					"JucePlugin_ARAContentTypes=0",
					"JucePlugin_ARATransformationFlags=0",
					"JucePlugin_ARAFactoryID=\\\"com.Rubblesonic.Candle.factory\\\"",
					"JucePlugin_ARADocumentArchiveID=\\\"com.Rubblesonic.Candle.aradocumentarchive.0.1.0\\\"",
					"JucePlugin_ARACompatibleArchiveIDs=\\\"\\\"",
					"JucePlugin_MaxNumInputChannels=2",
					"JucePlugin_MaxNumOutputChannels=2",
					"JucePlugin_PreferredChannelConfigurations={2,2}",
					"JUCE_STANDALONE_APPLICATION=JucePlugin_Build_Standalone",
					"JUCER_XCODE_MAC_F6D2F4CF=1",
					"JUCE_APP_VERSION=0.1.0",
					"JUCE_APP_VERSION_HEX=0x100",
				);
				GCC_VERSION = com.apple.compilers.llvm.clang.1_0;
				HEADER_SEARCH_PATHS = (
					"/Applications/JUCE/modules/juce_audio_processors_headless/format_types/VST3_SDK",
					"$(SRCROOT)/../../JuceLibraryCode",
					"/Applications/JUCE/modules",
					"/Applications/JUCE/modules/juce_audio_plugin_client/AU",
					"$(inherited)",
				);
				INFOPLIST_FILE = Info-VST3_Manifest_Helper.plist;
				INFOPLIST_PREPROCESS = NO;
				MACOSX_DEPLOYMENT_TARGET = 10.13;
				MTL_HEADER_SEARCH_PATHS = "/Applications/JUCE/modules/juce_audio_processors_headless/format_types/VST3_SDK $(SRCROOT)/../../JuceLibraryCode /Applications/JUCE/modules /Applications/JUCE/modules/juce_audio_plugin_client/AU";
				OTHER_CFLAGS = "$(inherited)";
				OTHER_CODE_SIGN_FLAGS = "";
				OTHER_CPLUSPLUSFLAGS = "$(inherited)";
				OTHER_LDFLAGS = "$(inherited)";
				PRODUCT_BUNDLE_IDENTIFIER = com.rubblesonic.candle;
				PRODUCT_NAME = "juce_vst3_helper";
				PROVISIONING_PROFILE_SPECIFIER = "";
				USE_HEADERMAP = NO;
				VALID_ARCHS = "i386 x86_64 arm64 arm64e";
			};
			name = Debug;
		};
		0A26D4F18C518E6F8D235BD0 /* Debug */ = {
			isa = XCBuildConfiguration;
			buildSettings = {
				MACOSX_DEPLOYMENT_TARGET = 10.13;
				SDKROOT = macosx;
			};
			name = Debug;
		};
		1F3201718E4C20CE8A10718D /* Debug */ = {
			isa = XCBuildConfiguration;
			buildSettings = {
				CLANG_CXX_LANGUAGE_STANDARD = "c++17";
				CLANG_CXX_LIBRARY = "libc++";
				CLANG_LINK_OBJC_RUNTIME = NO;
				CODE_SIGN_IDENTITY = "-";
				CODE_SIGN_STYLE = Manual;
				COMBINE_HIDPI_IMAGES = YES;
				CONFIGURATION_BUILD_DIR = "$(PROJECT_DIR)/build/$(CONFIGURATION)";
				COPY_PHASE_STRIP = NO;
				DEPLOYMENT_POSTPROCESSING = NO;
				EXCLUDED_ARCHS = "";
				GCC_DYNAMIC_NO_PIC = NO;
				GCC_OPTIMIZATION_LEVEL = 0;
				GCC_PREPROCESSOR_DEFINITIONS = (
					"_DEBUG=1",
					"DEBUG=1",
					"JUCE_PROJUCER_VERSION=0x8000d",
					"JUCE_MODULE_AVAILABLE_juce_audio_basics=1",
					"JUCE_MODULE_AVAILABLE_juce_audio_devices=1",
					"JUCE_MODULE_AVAILABLE_juce_audio_formats=1",
					"JUCE_MODULE_AVAILABLE_juce_audio_plugin_client=1",
					"JUCE_MODULE_AVAILABLE_juce_audio_processors=1",
					"JUCE_MODULE_AVAILABLE_juce_audio_processors_headless=1",
					"JUCE_MODULE_AVAILABLE_juce_audio_utils=1",
					"JUCE_MODULE_AVAILABLE_juce_core=1",
					"JUCE_MODULE_AVAILABLE_juce_data_structures=1",
					"JUCE_MODULE_AVAILABLE_juce_dsp=1",
					"JUCE_MODULE_AVAILABLE_juce_events=1",
					"JUCE_MODULE_AVAILABLE_juce_graphics=1",
					"JUCE_MODULE_AVAILABLE_juce_gui_basics=1",
					"JUCE_MODULE_AVAILABLE_juce_gui_extra=1",
					"JUCE_GLOBAL_MODULE_SETTINGS_INCLUDED=1",
					"JUCE_VST3_CAN_REPLACE_VST2=0",
					"JUCE_STRICT_REFCOUNTEDPOINTER=1",
					"JucePlugin_Build_VST=0",
					"JucePlugin_Build_VST3=1",
					"JucePlugin_Build_AU=0",
					"JucePlugin_Build_AUv3=0",
					"JucePlugin_Build_AAX=0",
					"JucePlugin_Build_Standalone=0",
					"JucePlugin_Build_Unity=0",
					"JucePlugin_Build_LV2=0",
					"JucePlugin_Enable_IAA=0",
					"JucePlugin_Enable_ARA=0",
					"JucePlugin_Name=\\\"Candle\\\"",
					"JucePlugin_Desc=\\\"Portastudio\\ 424\\ cassette\\ processor\\\"",
					"JucePlugin_Manufacturer=\\\"Rubblesonic\\\"",
					"JucePlugin_ManufacturerWebsite=\\\"https://rubblesonic.com\\\"",
					"JucePlugin_ManufacturerEmail=\\\"\\\"",
					"JucePlugin_ManufacturerCode=0x52554253",
					"JucePlugin_PluginCode=0x434e444c",
					"JucePlugin_IsSynth=0",
					"JucePlugin_WantsMidiInput=0",
					"JucePlugin_ProducesMidiOutput=0",
					"JucePlugin_IsMidiEffect=0",
					"JucePlugin_EditorRequiresKeyboardFocus=0",
					"JucePlugin_Version=0.1.0",
					"JucePlugin_VersionCode=0x100",
					"JucePlugin_VersionString=\\\"0.1.0\\\"",
					"JucePlugin_VSTUniqueID=JucePlugin_PluginCode",
					"JucePlugin_VSTCategory=kPlugCategEffect",
					"JucePlugin_Vst3Category=\\\"Fx\\\"",
					"JucePlugin_AUMainType=\\'aufx\\'",
					"JucePlugin_AUSubType=JucePlugin_PluginCode",
					"JucePlugin_AUExportPrefix=CandleAU",
					"JucePlugin_AUExportPrefixQuoted=\\\"CandleAU\\\"",
					"JucePlugin_AUManufacturerCode=JucePlugin_ManufacturerCode",
					"JucePlugin_CFBundleIdentifier=com.rubblesonic.candle",
					"JucePlugin_AAXIdentifier=com.Rubblesonic.Candle",
					"JucePlugin_AAXManufacturerCode=JucePlugin_ManufacturerCode",
					"JucePlugin_AAXProductId=JucePlugin_PluginCode",
					"JucePlugin_AAXCategory=0",
					"JucePlugin_AAXDisableBypass=0",
					"JucePlugin_AAXDisableMultiMono=0",
					"JucePlugin_IAAType=0x61757278",
					"JucePlugin_IAASubType=JucePlugin_PluginCode",
					"JucePlugin_IAAName=\\\"Rubblesonic:\\ Candle\\\"",
					"JucePlugin_VSTNumMidiInputs=16",
					"JucePlugin_VSTNumMidiOutputs=16",
					"JucePlugin_ARAContentTypes=0",
					"JucePlugin_ARATransformationFlags=0",
					"JucePlugin_ARAFactoryID=\\\"com.Rubblesonic.Candle.factory\\\"",
					"JucePlugin_ARADocumentArchiveID=\\\"com.Rubblesonic.Candle.aradocumentarchive.0.1.0\\\"",
					"JucePlugin_ARACompatibleArchiveIDs=\\\"\\\"",
					"JucePlugin_MaxNumInputChannels=2",
					"JucePlugin_MaxNumOutputChannels=2",
					"JucePlugin_PreferredChannelConfigurations={2,2}",
					"JUCE_STANDALONE_APPLICATION=JucePlugin_Build_Standalone",
					"JUCER_XCODE_MAC_F6D2F4CF=1",
					"JUCE_APP_VERSION=0.1.0",
					"JUCE_APP_VERSION_HEX=0x100",
				);
				GCC_VERSION = com.apple.compilers.llvm.clang.1_0;
				GENERATE_PKGINFO_FILE = YES;
				HEADER_SEARCH_PATHS = (
					"/Applications/JUCE/modules/juce_audio_processors_headless/format_types/VST3_SDK",
					"$(SRCROOT)/../../JuceLibraryCode",
					"/Applications/JUCE/modules",
					"/Applications/JUCE/modules/juce_audio_plugin_client/AU",
					"$(inherited)",
				);
				INFOPLIST_FILE = Info-VST3.plist;
				INFOPLIST_PREPROCESS = NO;
				INSTALL_PATH = "$(HOME)/Library/Audio/Plug-Ins/VST3";
				LIBRARY_STYLE = Bundle;
				MACOSX_DEPLOYMENT_TARGET = 10.13;
				MTL_HEADER_SEARCH_PATHS = "/Applications/JUCE/modules/juce_audio_processors_headless/format_types/VST3_SDK $(SRCROOT)/../../JuceLibraryCode /Applications/JUCE/modules /Applications/JUCE/modules/juce_audio_plugin_client/AU";
				OTHER_CFLAGS = "$(inherited)";
				OTHER_CPLUSPLUSFLAGS = "$(inherited)";
				OTHER_LDFLAGS = "$(inherited) -bundle -lCandle";
				PRODUCT_BUNDLE_IDENTIFIER = com.rubblesonic.candle;
				PRODUCT_NAME = "Candle";
				PROVISIONING_PROFILE_SPECIFIER = "";
				USE_HEADERMAP = NO;
				VALID_ARCHS = "i386 x86_64 arm64 arm64e";
				WRAPPER_EXTENSION = vst3;
			};
			name = Debug;
		};
		37FD10C77D200D71A6813397 /* Release */ = {
			isa = XCBuildConfiguration;
			buildSettings = {
				CLANG_CXX_LANGUAGE_STANDARD = "c++17";
				CLANG_CXX_LIBRARY = "libc++";
				CLANG_LINK_OBJC_RUNTIME = NO;
				CODE_SIGN_IDENTITY = "-";
				CODE_SIGN_STYLE = Manual;
				COMBINE_HIDPI_IMAGES = YES;
				CONFIGURATION_BUILD_DIR = "$(PROJECT_DIR)/build/$(CONFIGURATION)";
				DEAD_CODE_STRIPPING = YES;
				DEPLOYMENT_POSTPROCESSING = NO;
				EXCLUDED_ARCHS = "";
				GCC_GENERATE_DEBUGGING_SYMBOLS = NO;
				GCC_OPTIMIZATION_LEVEL = 3;
				GCC_PREPROCESSOR_DEFINITIONS = (
					"_NDEBUG=1",
					"NDEBUG=1",
					"JUCE_PROJUCER_VERSION=0x8000d",
					"JUCE_MODULE_AVAILABLE_juce_audio_basics=1",
					"JUCE_MODULE_AVAILABLE_juce_audio_devices=1",
					"JUCE_MODULE_AVAILABLE_juce_audio_formats=1",
					"JUCE_MODULE_AVAILABLE_juce_audio_plugin_client=1",
					"JUCE_MODULE_AVAILABLE_juce_audio_processors=1",
					"JUCE_MODULE_AVAILABLE_juce_audio_processors_headless=1",
					"JUCE_MODULE_AVAILABLE_juce_audio_utils=1",
					"JUCE_MODULE_AVAILABLE_juce_core=1",
					"JUCE_MODULE_AVAILABLE_juce_data_structures=1",
					"JUCE_MODULE_AVAILABLE_juce_dsp=1",
					"JUCE_MODULE_AVAILABLE_juce_events=1",
					"JUCE_MODULE_AVAILABLE_juce_graphics=1",
					"JUCE_MODULE_AVAILABLE_juce_gui_basics=1",
					"JUCE_MODULE_AVAILABLE_juce_gui_extra=1",
					"JUCE_GLOBAL_MODULE_SETTINGS_INCLUDED=1",
					"JUCE_VST3_CAN_REPLACE_VST2=0",
					"JUCE_STRICT_REFCOUNTEDPOINTER=1",
					"JucePlugin_Build_VST=0",
					"JucePlugin_Build_VST3=1",
					"JucePlugin_Build_AU=0",
					"JucePlugin_Build_AUv3=0",
					"JucePlugin_Build_AAX=0",
					"JucePlugin_Build_Standalone=0",
					"JucePlugin_Build_Unity=0",
					"JucePlugin_Build_LV2=0",
					"JucePlugin_Enable_IAA=0",
					"JucePlugin_Enable_ARA=0",
					"JucePlugin_Name=\\\"Candle\\\"",
					"JucePlugin_Desc=\\\"Portastudio\\ 424\\ cassette\\ processor\\\"",
					"JucePlugin_Manufacturer=\\\"Rubblesonic\\\"",
					"JucePlugin_ManufacturerWebsite=\\\"https://rubblesonic.com\\\"",
					"JucePlugin_ManufacturerEmail=\\\"\\\"",
					"JucePlugin_ManufacturerCode=0x52554253",
					"JucePlugin_PluginCode=0x434e444c",
					"JucePlugin_IsSynth=0",
					"JucePlugin_WantsMidiInput=0",
					"JucePlugin_ProducesMidiOutput=0",
					"JucePlugin_IsMidiEffect=0",
					"JucePlugin_EditorRequiresKeyboardFocus=0",
					"JucePlugin_Version=0.1.0",
					"JucePlugin_VersionCode=0x100",
					"JucePlugin_VersionString=\\\"0.1.0\\\"",
					"JucePlugin_VSTUniqueID=JucePlugin_PluginCode",
					"JucePlugin_VSTCategory=kPlugCategEffect",
					"JucePlugin_Vst3Category=\\\"Fx\\\"",
					"JucePlugin_AUMainType=\\'aufx\\'",
					"JucePlugin_AUSubType=JucePlugin_PluginCode",
					"JucePlugin_AUExportPrefix=CandleAU",
					"JucePlugin_AUExportPrefixQuoted=\\\"CandleAU\\\"",
					"JucePlugin_AUManufacturerCode=JucePlugin_ManufacturerCode",
					"JucePlugin_CFBundleIdentifier=com.rubblesonic.candle",
					"JucePlugin_AAXIdentifier=com.Rubblesonic.Candle",
					"JucePlugin_AAXManufacturerCode=JucePlugin_ManufacturerCode",
					"JucePlugin_AAXProductId=JucePlugin_PluginCode",
					"JucePlugin_AAXCategory=0",
					"JucePlugin_AAXDisableBypass=0",
					"JucePlugin_AAXDisableMultiMono=0",
					"JucePlugin_IAAType=0x61757278",
					"JucePlugin_IAASubType=JucePlugin_PluginCode",
					"JucePlugin_IAAName=\\\"Rubblesonic:\\ Candle\\\"",
					"JucePlugin_VSTNumMidiInputs=16",
					"JucePlugin_VSTNumMidiOutputs=16",
					"JucePlugin_ARAContentTypes=0",
					"JucePlugin_ARATransformationFlags=0",
					"JucePlugin_ARAFactoryID=\\\"com.Rubblesonic.Candle.factory\\\"",
					"JucePlugin_ARADocumentArchiveID=\\\"com.Rubblesonic.Candle.aradocumentarchive.0.1.0\\\"",
					"JucePlugin_ARACompatibleArchiveIDs=\\\"\\\"",
					"JucePlugin_MaxNumInputChannels=2",
					"JucePlugin_MaxNumOutputChannels=2",
					"JucePlugin_PreferredChannelConfigurations={2,2}",
					"JUCE_STANDALONE_APPLICATION=JucePlugin_Build_Standalone",
					"JUCER_XCODE_MAC_F6D2F4CF=1",
					"JUCE_APP_VERSION=0.1.0",
					"JUCE_APP_VERSION_HEX=0x100",
				);
				GCC_VERSION = com.apple.compilers.llvm.clang.1_0;
				GENERATE_PKGINFO_FILE = YES;
				HEADER_SEARCH_PATHS = (
					"/Applications/JUCE/modules/juce_audio_processors_headless/format_types/VST3_SDK",
					"$(SRCROOT)/../../JuceLibraryCode",
					"/Applications/JUCE/modules",
					"/Applications/JUCE/modules/juce_audio_plugin_client/AU",
					"$(inherited)",
				);
				INFOPLIST_FILE = Info-VST3.plist;
				INFOPLIST_PREPROCESS = NO;
				INSTALL_PATH = "$(HOME)/Library/Audio/Plug-Ins/VST3";
				LIBRARY_STYLE = Bundle;
				LLVM_LTO = YES;
				MACOSX_DEPLOYMENT_TARGET = 10.13;
				MTL_HEADER_SEARCH_PATHS = "/Applications/JUCE/modules/juce_audio_processors_headless/format_types/VST3_SDK $(SRCROOT)/../../JuceLibraryCode /Applications/JUCE/modules /Applications/JUCE/modules/juce_audio_plugin_client/AU";
				OTHER_CFLAGS = "$(inherited)";
				OTHER_CPLUSPLUSFLAGS = "$(inherited)";
				OTHER_LDFLAGS = "$(inherited) -bundle -lCandle";
				PRODUCT_BUNDLE_IDENTIFIER = com.rubblesonic.candle;
				PRODUCT_NAME = "Candle";
				PROVISIONING_PROFILE_SPECIFIER = "";
				USE_HEADERMAP = NO;
				VALID_ARCHS = "i386 x86_64 arm64 arm64e";
				WRAPPER_EXTENSION = vst3;
			};
			name = Release;
		};
		41A1F6F6BCB1C2341950A227 /* Release */ = {
			isa = XCBuildConfiguration;
			buildSettings = {
				CLANG_CXX_LANGUAGE_STANDARD = "c++17";
				CLANG_CXX_LIBRARY = "libc++";
				CLANG_LINK_OBJC_RUNTIME = NO;
				CODE_SIGN_IDENTITY = "-";
				CODE_SIGN_STYLE = Manual;
				COMBINE_HIDPI_IMAGES = YES;
				CONFIGURATION_BUILD_DIR = "$(PROJECT_DIR)/build/$(CONFIGURATION)";
				DEAD_CODE_STRIPPING = YES;
				DEPLOYMENT_POSTPROCESSING = NO;
				EXCLUDED_ARCHS = "";
				GCC_GENERATE_DEBUGGING_SYMBOLS = NO;
				GCC_OPTIMIZATION_LEVEL = 3;
				GCC_PREPROCESSOR_DEFINITIONS = (
					"_NDEBUG=1",
					"NDEBUG=1",
					"JUCE_PROJUCER_VERSION=0x8000d",
					"JUCE_MODULE_AVAILABLE_juce_audio_basics=1",
					"JUCE_MODULE_AVAILABLE_juce_audio_devices=1",
					"JUCE_MODULE_AVAILABLE_juce_audio_formats=1",
					"JUCE_MODULE_AVAILABLE_juce_audio_plugin_client=1",
					"JUCE_MODULE_AVAILABLE_juce_audio_processors=1",
					"JUCE_MODULE_AVAILABLE_juce_audio_processors_headless=1",
					"JUCE_MODULE_AVAILABLE_juce_audio_utils=1",
					"JUCE_MODULE_AVAILABLE_juce_core=1",
					"JUCE_MODULE_AVAILABLE_juce_data_structures=1",
					"JUCE_MODULE_AVAILABLE_juce_dsp=1",
					"JUCE_MODULE_AVAILABLE_juce_events=1",
					"JUCE_MODULE_AVAILABLE_juce_graphics=1",
					"JUCE_MODULE_AVAILABLE_juce_gui_basics=1",
					"JUCE_MODULE_AVAILABLE_juce_gui_extra=1",
					"JUCE_GLOBAL_MODULE_SETTINGS_INCLUDED=1",
					"JUCE_VST3_CAN_REPLACE_VST2=0",
					"JUCE_STRICT_REFCOUNTEDPOINTER=1",
					"JucePlugin_Build_VST=0",
					"JucePlugin_Build_VST3=1",
					"JucePlugin_Build_AU=1",
					"JucePlugin_Build_AUv3=0",
					"JucePlugin_Build_AAX=0",
					"JucePlugin_Build_Standalone=0",
					"JucePlugin_Build_Unity=0",
					"JucePlugin_Build_LV2=0",
					"JucePlugin_Enable_IAA=0",
					"JucePlugin_Enable_ARA=0",
					"JucePlugin_Name=\\\"Candle\\\"",
					"JucePlugin_Desc=\\\"Portastudio\\ 424\\ cassette\\ processor\\\"",
					"JucePlugin_Manufacturer=\\\"Rubblesonic\\\"",
					"JucePlugin_ManufacturerWebsite=\\\"https://rubblesonic.com\\\"",
					"JucePlugin_ManufacturerEmail=\\\"\\\"",
					"JucePlugin_ManufacturerCode=0x52554253",
					"JucePlugin_PluginCode=0x434e444c",
					"JucePlugin_IsSynth=0",
					"JucePlugin_WantsMidiInput=0",
					"JucePlugin_ProducesMidiOutput=0",
					"JucePlugin_IsMidiEffect=0",
					"JucePlugin_EditorRequiresKeyboardFocus=0",
					"JucePlugin_Version=0.1.0",
					"JucePlugin_VersionCode=0x100",
					"JucePlugin_VersionString=\\\"0.1.0\\\"",
					"JucePlugin_VSTUniqueID=JucePlugin_PluginCode",
					"JucePlugin_VSTCategory=kPlugCategEffect",
					"JucePlugin_Vst3Category=\\\"Fx\\\"",
					"JucePlugin_AUMainType=\\'aufx\\'",
					"JucePlugin_AUSubType=JucePlugin_PluginCode",
					"JucePlugin_AUExportPrefix=CandleAU",
					"JucePlugin_AUExportPrefixQuoted=\\\"CandleAU\\\"",
					"JucePlugin_AUManufacturerCode=JucePlugin_ManufacturerCode",
					"JucePlugin_CFBundleIdentifier=com.rubblesonic.candle",
					"JucePlugin_AAXIdentifier=com.Rubblesonic.Candle",
					"JucePlugin_AAXManufacturerCode=JucePlugin_ManufacturerCode",
					"JucePlugin_AAXProductId=JucePlugin_PluginCode",
					"JucePlugin_AAXCategory=0",
					"JucePlugin_AAXDisableBypass=0",
					"JucePlugin_AAXDisableMultiMono=0",
					"JucePlugin_IAAType=0x61757278",
					"JucePlugin_IAASubType=JucePlugin_PluginCode",
					"JucePlugin_IAAName=\\\"Rubblesonic:\\ Candle\\\"",
					"JucePlugin_VSTNumMidiInputs=16",
					"JucePlugin_VSTNumMidiOutputs=16",
					"JucePlugin_ARAContentTypes=0",
					"JucePlugin_ARATransformationFlags=0",
					"JucePlugin_ARAFactoryID=\\\"com.Rubblesonic.Candle.factory\\\"",
					"JucePlugin_ARADocumentArchiveID=\\\"com.Rubblesonic.Candle.aradocumentarchive.0.1.0\\\"",
					"JucePlugin_ARACompatibleArchiveIDs=\\\"\\\"",
					"JucePlugin_MaxNumInputChannels=2",
					"JucePlugin_MaxNumOutputChannels=2",
					"JucePlugin_PreferredChannelConfigurations={2,2}",
					"JUCE_STANDALONE_APPLICATION=JucePlugin_Build_Standalone",
					"JUCER_XCODE_MAC_F6D2F4CF=1",
					"JUCE_APP_VERSION=0.1.0",
					"JUCE_APP_VERSION_HEX=0x100",
					"JUCE_SHARED_CODE=1",
				);
				GCC_VERSION = com.apple.compilers.llvm.clang.1_0;
				HEADER_SEARCH_PATHS = (
					"/Applications/JUCE/modules/juce_audio_processors_headless/format_types/VST3_SDK",
					"$(SRCROOT)/../../JuceLibraryCode",
					"/Applications/JUCE/modules",
					"/Applications/JUCE/modules/juce_audio_plugin_client/AU",
					"$(inherited)",
				);
				INSTALL_PATH = "@executable_path/../Frameworks";
				LLVM_LTO = YES;
				MACOSX_DEPLOYMENT_TARGET = 10.13;
				MTL_HEADER_SEARCH_PATHS = "/Applications/JUCE/modules/juce_audio_processors_headless/format_types/VST3_SDK $(SRCROOT)/../../JuceLibraryCode /Applications/JUCE/modules /Applications/JUCE/modules/juce_audio_plugin_client/AU";
				OTHER_CFLAGS = "$(inherited)";
				OTHER_CPLUSPLUSFLAGS = "$(inherited)";
				OTHER_LDFLAGS = "$(inherited)";
				PRODUCT_BUNDLE_IDENTIFIER = com.rubblesonic.candle;
				PRODUCT_NAME = "Candle";
				PROVISIONING_PROFILE_SPECIFIER = "";
				SKIP_INSTALL = YES;
				USE_HEADERMAP = NO;
				VALID_ARCHS = "i386 x86_64 arm64 arm64e";
			};
			name = Release;
		};
		4B957F5289677AA8C1992E30 /* Release */ = {
			isa = XCBuildConfiguration;
			buildSettings = {
				MACOSX_DEPLOYMENT_TARGET = 10.13;
				SDKROOT = macosx;
			};
			name = Release;
		};
		B099123E90B0D6AC90F046AA /* Release */ = {
			isa = XCBuildConfiguration;
			buildSettings = {
				ALWAYS_SEARCH_USER_PATHS = NO;
				CLANG_ENABLE_OBJC_WEAK = YES;
				CLANG_WARN_BLOCK_CAPTURE_AUTORELEASING = YES;
				CLANG_WARN_BOOL_CONVERSION = YES;
				CLANG_WARN_COMMA = YES;
				CLANG_WARN_CONSTANT_CONVERSION = YES;
				CLANG_WARN_DEPRECATED_OBJC_IMPLEMENTATIONS = YES;
				CLANG_WARN_EMPTY_BODY = YES;
				CLANG_WARN_ENUM_CONVERSION = YES;
				CLANG_WARN_INFINITE_RECURSION = YES;
				CLANG_WARN_INT_CONVERSION = YES;
				CLANG_WARN_NON_LITERAL_NULL_CONVERSION = YES;
				CLANG_WARN_OBJC_IMPLICIT_RETAIN_SELF = YES;
				CLANG_WARN_OBJC_LITERAL_CONVERSION = YES;
				CLANG_WARN_RANGE_LOOP_ANALYSIS = YES;
				CLANG_WARN_STRICT_PROTOTYPES = YES;
				CLANG_WARN_SUSPICIOUS_MOVE = YES;
				CLANG_WARN_UNREACHABLE_CODE = YES;
				CLANG_WARN__DUPLICATE_METHOD_MATCH = YES;
				CODE_SIGN_IDENTITY = "-";
				DEBUG_INFORMATION_FORMAT = dwarf;
				ENABLE_STRICT_OBJC_MSGSEND = YES;
				ENABLE_TESTABILITY = NO;
				GCC_C_LANGUAGE_STANDARD = c11;
				GCC_INLINES_ARE_PRIVATE_EXTERN = YES;
				GCC_MODEL_TUNING = G5;
				GCC_NO_COMMON_BLOCKS = YES;
				GCC_SYMBOLS_PRIVATE_EXTERN = YES;
				GCC_WARN_64_TO_32_BIT_CONVERSION = YES;
				GCC_WARN_ABOUT_RETURN_TYPE = YES;
				GCC_WARN_CHECK_SWITCH_STATEMENTS = YES;
				GCC_WARN_MISSING_PARENTHESES = YES;
				GCC_WARN_NON_VIRTUAL_DESTRUCTOR = YES;
				GCC_WARN_TYPECHECK_CALLS_TO_PRINTF = YES;
				GCC_WARN_UNDECLARED_SELECTOR = YES;
				GCC_WARN_UNINITIALIZED_AUTOS = YES;
				GCC_WARN_UNUSED_FUNCTION = YES;
				GCC_WARN_UNUSED_VARIABLE = YES;
				OTHER_CODE_SIGN_FLAGS = "--dryrun";
				PRODUCT_NAME = "Candle";
				SDKROOT = macosx;
				WARNING_CFLAGS = "-Wreorder";
				ZERO_LINK = NO;
			};
			name = Release;
		};
		C3E787DF67BB0D7AE3262488 /* Release */ = {
			isa = XCBuildConfiguration;
			buildSettings = {
				CLANG_CXX_LANGUAGE_STANDARD = "c++17";
				CLANG_CXX_LIBRARY = "libc++";
				CLANG_LINK_OBJC_RUNTIME = NO;
				CODE_SIGN_IDENTITY = "-";
				CODE_SIGN_STYLE = Manual;
				COMBINE_HIDPI_IMAGES = YES;
				CONFIGURATION_BUILD_DIR = "$(PROJECT_DIR)/build/$(CONFIGURATION)";
				DEAD_CODE_STRIPPING = YES;
				DEPLOYMENT_POSTPROCESSING = NO;
				EXCLUDED_ARCHS = "";
				GCC_GENERATE_DEBUGGING_SYMBOLS = NO;
				GCC_OPTIMIZATION_LEVEL = 3;
				GCC_PREPROCESSOR_DEFINITIONS = (
					"_NDEBUG=1",
					"NDEBUG=1",
					"JUCE_PROJUCER_VERSION=0x8000d",
					"JUCE_MODULE_AVAILABLE_juce_audio_basics=1",
					"JUCE_MODULE_AVAILABLE_juce_audio_devices=1",
					"JUCE_MODULE_AVAILABLE_juce_audio_formats=1",
					"JUCE_MODULE_AVAILABLE_juce_audio_plugin_client=1",
					"JUCE_MODULE_AVAILABLE_juce_audio_processors=1",
					"JUCE_MODULE_AVAILABLE_juce_audio_processors_headless=1",
					"JUCE_MODULE_AVAILABLE_juce_audio_utils=1",
					"JUCE_MODULE_AVAILABLE_juce_core=1",
					"JUCE_MODULE_AVAILABLE_juce_data_structures=1",
					"JUCE_MODULE_AVAILABLE_juce_dsp=1",
					"JUCE_MODULE_AVAILABLE_juce_events=1",
					"JUCE_MODULE_AVAILABLE_juce_graphics=1",
					"JUCE_MODULE_AVAILABLE_juce_gui_basics=1",
					"JUCE_MODULE_AVAILABLE_juce_gui_extra=1",
					"JUCE_GLOBAL_MODULE_SETTINGS_INCLUDED=1",
					"JUCE_VST3_CAN_REPLACE_VST2=0",
					"JUCE_STRICT_REFCOUNTEDPOINTER=1",
					"JucePlugin_Build_VST=0",
					"JucePlugin_Build_VST3=0",
					"JucePlugin_Build_AU=1",
					"JucePlugin_Build_AUv3=0",
					"JucePlugin_Build_AAX=0",
					"JucePlugin_Build_Standalone=0",
					"JucePlugin_Build_Unity=0",
					"JucePlugin_Build_LV2=0",
					"JucePlugin_Enable_IAA=0",
					"JucePlugin_Enable_ARA=0",
					"JucePlugin_Name=\\\"Candle\\\"",
					"JucePlugin_Desc=\\\"Portastudio\\ 424\\ cassette\\ processor\\\"",
					"JucePlugin_Manufacturer=\\\"Rubblesonic\\\"",
					"JucePlugin_ManufacturerWebsite=\\\"https://rubblesonic.com\\\"",
					"JucePlugin_ManufacturerEmail=\\\"\\\"",
					"JucePlugin_ManufacturerCode=0x52554253",
					"JucePlugin_PluginCode=0x434e444c",
					"JucePlugin_IsSynth=0",
					"JucePlugin_WantsMidiInput=0",
					"JucePlugin_ProducesMidiOutput=0",
					"JucePlugin_IsMidiEffect=0",
					"JucePlugin_EditorRequiresKeyboardFocus=0",
					"JucePlugin_Version=0.1.0",
					"JucePlugin_VersionCode=0x100",
					"JucePlugin_VersionString=\\\"0.1.0\\\"",
					"JucePlugin_VSTUniqueID=JucePlugin_PluginCode",
					"JucePlugin_VSTCategory=kPlugCategEffect",
					"JucePlugin_Vst3Category=\\\"Fx\\\"",
					"JucePlugin_AUMainType=\\'aufx\\'",
					"JucePlugin_AUSubType=JucePlugin_PluginCode",
					"JucePlugin_AUExportPrefix=CandleAU",
					"JucePlugin_AUExportPrefixQuoted=\\\"CandleAU\\\"",
					"JucePlugin_AUManufacturerCode=JucePlugin_ManufacturerCode",
					"JucePlugin_CFBundleIdentifier=com.rubblesonic.candle",
					"JucePlugin_AAXIdentifier=com.Rubblesonic.Candle",
					"JucePlugin_AAXManufacturerCode=JucePlugin_ManufacturerCode",
					"JucePlugin_AAXProductId=JucePlugin_PluginCode",
					"JucePlugin_AAXCategory=0",
					"JucePlugin_AAXDisableBypass=0",
					"JucePlugin_AAXDisableMultiMono=0",
					"JucePlugin_IAAType=0x61757278",
					"JucePlugin_IAASubType=JucePlugin_PluginCode",
					"JucePlugin_IAAName=\\\"Rubblesonic:\\ Candle\\\"",
					"JucePlugin_VSTNumMidiInputs=16",
					"JucePlugin_VSTNumMidiOutputs=16",
					"JucePlugin_ARAContentTypes=0",
					"JucePlugin_ARATransformationFlags=0",
					"JucePlugin_ARAFactoryID=\\\"com.Rubblesonic.Candle.factory\\\"",
					"JucePlugin_ARADocumentArchiveID=\\\"com.Rubblesonic.Candle.aradocumentarchive.0.1.0\\\"",
					"JucePlugin_ARACompatibleArchiveIDs=\\\"\\\"",
					"JucePlugin_MaxNumInputChannels=2",
					"JucePlugin_MaxNumOutputChannels=2",
					"JucePlugin_PreferredChannelConfigurations={2,2}",
					"JUCE_STANDALONE_APPLICATION=JucePlugin_Build_Standalone",
					"JUCER_XCODE_MAC_F6D2F4CF=1",
					"JUCE_APP_VERSION=0.1.0",
					"JUCE_APP_VERSION_HEX=0x100",
				);
				GCC_VERSION = com.apple.compilers.llvm.clang.1_0;
				GENERATE_PKGINFO_FILE = YES;
				HEADER_SEARCH_PATHS = (
					"/Applications/JUCE/modules/juce_audio_processors_headless/format_types/VST3_SDK",
					"$(SRCROOT)/../../JuceLibraryCode",
					"/Applications/JUCE/modules",
					"/Applications/JUCE/modules/juce_audio_plugin_client/AU",
					"$(inherited)",
				);
				INFOPLIST_FILE = Info-AU.plist;
				INFOPLIST_PREPROCESS = NO;
				INSTALL_PATH = "$(HOME)/Library/Audio/Plug-Ins/Components";
				LIBRARY_STYLE = Bundle;
				LLVM_LTO = YES;
				MACOSX_DEPLOYMENT_TARGET = 10.13;
				MTL_HEADER_SEARCH_PATHS = "/Applications/JUCE/modules/juce_audio_processors_headless/format_types/VST3_SDK $(SRCROOT)/../../JuceLibraryCode /Applications/JUCE/modules /Applications/JUCE/modules/juce_audio_plugin_client/AU";
				OTHER_CFLAGS = "$(inherited)";
				OTHER_CPLUSPLUSFLAGS = "$(inherited)";
				OTHER_LDFLAGS = "$(inherited) -bundle -lCandle";
				OTHER_REZFLAGS = "-d ppc_$ppc -d i386_$i386 -d ppc64_$ppc64 -d x86_64_$x86_64 -d arm64_$arm64 -I /System/Library/Frameworks/CoreServices.framework/Frameworks/CarbonCore.framework/Versions/A/Headers -I \"$(DEVELOPER_DIR)/Extras/CoreAudio/AudioUnits/AUPublic/AUBase\" -I \"$(DEVELOPER_DIR)/Platforms/MacOSX.platform/Developer/SDKs/MacOSX.sdk/System/Library/Frameworks/AudioUnit.framework/Headers\"";
				PRODUCT_BUNDLE_IDENTIFIER = com.rubblesonic.candle;
				PRODUCT_NAME = "Candle";
				PROVISIONING_PROFILE_SPECIFIER = "";
				USE_HEADERMAP = NO;
				VALID_ARCHS = "i386 x86_64 arm64 arm64e";
				WRAPPER_EXTENSION = component;
			};
			name = Release;
		};
		E52BA82C53D5BF2CFA5CDE68 /* Release */ = {
			isa = XCBuildConfiguration;
			buildSettings = {
				CLANG_CXX_LANGUAGE_STANDARD = "c++17";
				CLANG_CXX_LIBRARY = "libc++";
				CLANG_LINK_OBJC_RUNTIME = NO;
				CODE_SIGN_ENTITLEMENTS = "";
				CODE_SIGN_IDENTITY = "-";
				CODE_SIGN_STYLE = Manual;
				COMBINE_HIDPI_IMAGES = YES;
				CONFIGURATION_BUILD_DIR = "$(PROJECT_DIR)/build/$(CONFIGURATION)";
				DEAD_CODE_STRIPPING = YES;
				DEPLOYMENT_POSTPROCESSING = NO;
				EXCLUDED_ARCHS = "";
				GCC_GENERATE_DEBUGGING_SYMBOLS = NO;
				GCC_OPTIMIZATION_LEVEL = 3;
				GCC_PREPROCESSOR_DEFINITIONS = (
					"_NDEBUG=1",
					"NDEBUG=1",
					"JUCE_PROJUCER_VERSION=0x8000d",
					"JUCE_MODULE_AVAILABLE_juce_audio_basics=1",
					"JUCE_MODULE_AVAILABLE_juce_audio_devices=1",
					"JUCE_MODULE_AVAILABLE_juce_audio_formats=1",
					"JUCE_MODULE_AVAILABLE_juce_audio_plugin_client=1",
					"JUCE_MODULE_AVAILABLE_juce_audio_processors=1",
					"JUCE_MODULE_AVAILABLE_juce_audio_processors_headless=1",
					"JUCE_MODULE_AVAILABLE_juce_audio_utils=1",
					"JUCE_MODULE_AVAILABLE_juce_core=1",
					"JUCE_MODULE_AVAILABLE_juce_data_structures=1",
					"JUCE_MODULE_AVAILABLE_juce_dsp=1",
					"JUCE_MODULE_AVAILABLE_juce_events=1",
					"JUCE_MODULE_AVAILABLE_juce_graphics=1",
					"JUCE_MODULE_AVAILABLE_juce_gui_basics=1",
					"JUCE_MODULE_AVAILABLE_juce_gui_extra=1",
					"JUCE_GLOBAL_MODULE_SETTINGS_INCLUDED=1",
					"JUCE_VST3_CAN_REPLACE_VST2=0",
					"JUCE_STRICT_REFCOUNTEDPOINTER=1",
					"JucePlugin_Build_VST=0",
					"JucePlugin_Build_VST3=0",
					"JucePlugin_Build_AU=0",
					"JucePlugin_Build_AUv3=0",
					"JucePlugin_Build_AAX=0",
					"JucePlugin_Build_Standalone=0",
					"JucePlugin_Build_Unity=0",
					"JucePlugin_Build_LV2=0",
					"JucePlugin_Enable_IAA=0",
					"JucePlugin_Enable_ARA=0",
					"JucePlugin_Name=\\\"Candle\\\"",
					"JucePlugin_Desc=\\\"Portastudio\\ 424\\ cassette\\ processor\\\"",
					"JucePlugin_Manufacturer=\\\"Rubblesonic\\\"",
					"JucePlugin_ManufacturerWebsite=\\\"https://rubblesonic.com\\\"",
					"JucePlugin_ManufacturerEmail=\\\"\\\"",
					"JucePlugin_ManufacturerCode=0x52554253",
					"JucePlugin_PluginCode=0x434e444c",
					"JucePlugin_IsSynth=0",
					"JucePlugin_WantsMidiInput=0",
					"JucePlugin_ProducesMidiOutput=0",
					"JucePlugin_IsMidiEffect=0",
					"JucePlugin_EditorRequiresKeyboardFocus=0",
					"JucePlugin_Version=0.1.0",
					"JucePlugin_VersionCode=0x100",
					"JucePlugin_VersionString=\\\"0.1.0\\\"",
					"JucePlugin_VSTUniqueID=JucePlugin_PluginCode",
					"JucePlugin_VSTCategory=kPlugCategEffect",
					"JucePlugin_Vst3Category=\\\"Fx\\\"",
					"JucePlugin_AUMainType=\\'aufx\\'",
					"JucePlugin_AUSubType=JucePlugin_PluginCode",
					"JucePlugin_AUExportPrefix=CandleAU",
					"JucePlugin_AUExportPrefixQuoted=\\\"CandleAU\\\"",
					"JucePlugin_AUManufacturerCode=JucePlugin_ManufacturerCode",
					"JucePlugin_CFBundleIdentifier=com.rubblesonic.candle",
					"JucePlugin_AAXIdentifier=com.Rubblesonic.Candle",
					"JucePlugin_AAXManufacturerCode=JucePlugin_ManufacturerCode",
					"JucePlugin_AAXProductId=JucePlugin_PluginCode",
					"JucePlugin_AAXCategory=0",
					"JucePlugin_AAXDisableBypass=0",
					"JucePlugin_AAXDisableMultiMono=0",
					"JucePlugin_IAAType=0x61757278",
					"JucePlugin_IAASubType=JucePlugin_PluginCode",
					"JucePlugin_IAAName=\\\"Rubblesonic:\\ Candle\\\"",
					"JucePlugin_VSTNumMidiInputs=16",
					"JucePlugin_VSTNumMidiOutputs=16",
					"JucePlugin_ARAContentTypes=0",
					"JucePlugin_ARATransformationFlags=0",
					"JucePlugin_ARAFactoryID=\\\"com.Rubblesonic.Candle.factory\\\"",
					"JucePlugin_ARADocumentArchiveID=\\\"com.Rubblesonic.Candle.aradocumentarchive.0.1.0\\\"",
					"JucePlugin_ARACompatibleArchiveIDs=\\\"\\\"",
					"JucePlugin_MaxNumInputChannels=2",
					"JucePlugin_MaxNumOutputChannels=2",
					"JucePlugin_PreferredChannelConfigurations={2,2}",
					"JUCE_STANDALONE_APPLICATION=JucePlugin_Build_Standalone",
					"JUCER_XCODE_MAC_F6D2F4CF=1",
					"JUCE_APP_VERSION=0.1.0",
					"JUCE_APP_VERSION_HEX=0x100",
				);
				GCC_VERSION = com.apple.compilers.llvm.clang.1_0;
				HEADER_SEARCH_PATHS = (
					"/Applications/JUCE/modules/juce_audio_processors_headless/format_types/VST3_SDK",
					"$(SRCROOT)/../../JuceLibraryCode",
					"/Applications/JUCE/modules",
					"/Applications/JUCE/modules/juce_audio_plugin_client/AU",
					"$(inherited)",
				);
				INFOPLIST_FILE = Info-VST3_Manifest_Helper.plist;
				INFOPLIST_PREPROCESS = NO;
				LLVM_LTO = YES;
				MACOSX_DEPLOYMENT_TARGET = 10.13;
				MTL_HEADER_SEARCH_PATHS = "/Applications/JUCE/modules/juce_audio_processors_headless/format_types/VST3_SDK $(SRCROOT)/../../JuceLibraryCode /Applications/JUCE/modules /Applications/JUCE/modules/juce_audio_plugin_client/AU";
				OTHER_CFLAGS = "$(inherited)";
				OTHER_CODE_SIGN_FLAGS = "";
				OTHER_CPLUSPLUSFLAGS = "$(inherited)";
				OTHER_LDFLAGS = "$(inherited)";
				PRODUCT_BUNDLE_IDENTIFIER = com.rubblesonic.candle;
				PRODUCT_NAME = "juce_vst3_helper";
				PROVISIONING_PROFILE_SPECIFIER = "";
				USE_HEADERMAP = NO;
				VALID_ARCHS = "i386 x86_64 arm64 arm64e";
			};
			name = Release;
		};
		F4B76F18DCDF3E76E8B4C8D6 /* Debug */ = {
			isa = XCBuildConfiguration;
			buildSettings = {
				CLANG_CXX_LANGUAGE_STANDARD = "c++17";
				CLANG_CXX_LIBRARY = "libc++";
				CLANG_LINK_OBJC_RUNTIME = NO;
				CODE_SIGN_IDENTITY = "-";
				CODE_SIGN_STYLE = Manual;
				COMBINE_HIDPI_IMAGES = YES;
				CONFIGURATION_BUILD_DIR = "$(PROJECT_DIR)/build/$(CONFIGURATION)";
				COPY_PHASE_STRIP = NO;
				DEPLOYMENT_POSTPROCESSING = NO;
				EXCLUDED_ARCHS = "";
				GCC_DYNAMIC_NO_PIC = NO;
				GCC_OPTIMIZATION_LEVEL = 0;
				GCC_PREPROCESSOR_DEFINITIONS = (
					"_DEBUG=1",
					"DEBUG=1",
					"JUCE_PROJUCER_VERSION=0x8000d",
					"JUCE_MODULE_AVAILABLE_juce_audio_basics=1",
					"JUCE_MODULE_AVAILABLE_juce_audio_devices=1",
					"JUCE_MODULE_AVAILABLE_juce_audio_formats=1",
					"JUCE_MODULE_AVAILABLE_juce_audio_plugin_client=1",
					"JUCE_MODULE_AVAILABLE_juce_audio_processors=1",
					"JUCE_MODULE_AVAILABLE_juce_audio_processors_headless=1",
					"JUCE_MODULE_AVAILABLE_juce_audio_utils=1",
					"JUCE_MODULE_AVAILABLE_juce_core=1",
					"JUCE_MODULE_AVAILABLE_juce_data_structures=1",
					"JUCE_MODULE_AVAILABLE_juce_dsp=1",
					"JUCE_MODULE_AVAILABLE_juce_events=1",
					"JUCE_MODULE_AVAILABLE_juce_graphics=1",
					"JUCE_MODULE_AVAILABLE_juce_gui_basics=1",
					"JUCE_MODULE_AVAILABLE_juce_gui_extra=1",
					"JUCE_GLOBAL_MODULE_SETTINGS_INCLUDED=1",
					"JUCE_VST3_CAN_REPLACE_VST2=0",
					"JUCE_STRICT_REFCOUNTEDPOINTER=1",
					"JucePlugin_Build_VST=0",
					"JucePlugin_Build_VST3=1",
					"JucePlugin_Build_AU=1",
					"JucePlugin_Build_AUv3=0",
					"JucePlugin_Build_AAX=0",
					"JucePlugin_Build_Standalone=0",
					"JucePlugin_Build_Unity=0",
					"JucePlugin_Build_LV2=0",
					"JucePlugin_Enable_IAA=0",
					"JucePlugin_Enable_ARA=0",
					"JucePlugin_Name=\\\"Candle\\\"",
					"JucePlugin_Desc=\\\"Portastudio\\ 424\\ cassette\\ processor\\\"",
					"JucePlugin_Manufacturer=\\\"Rubblesonic\\\"",
					"JucePlugin_ManufacturerWebsite=\\\"https://rubblesonic.com\\\"",
					"JucePlugin_ManufacturerEmail=\\\"\\\"",
					"JucePlugin_ManufacturerCode=0x52554253",
					"JucePlugin_PluginCode=0x434e444c",
					"JucePlugin_IsSynth=0",
					"JucePlugin_WantsMidiInput=0",
					"JucePlugin_ProducesMidiOutput=0",
					"JucePlugin_IsMidiEffect=0",
					"JucePlugin_EditorRequiresKeyboardFocus=0",
					"JucePlugin_Version=0.1.0",
					"JucePlugin_VersionCode=0x100",
					"JucePlugin_VersionString=\\\"0.1.0\\\"",
					"JucePlugin_VSTUniqueID=JucePlugin_PluginCode",
					"JucePlugin_VSTCategory=kPlugCategEffect",
					"JucePlugin_Vst3Category=\\\"Fx\\\"",
					"JucePlugin_AUMainType=\\'aufx\\'",
					"JucePlugin_AUSubType=JucePlugin_PluginCode",
					"JucePlugin_AUExportPrefix=CandleAU",
					"JucePlugin_AUExportPrefixQuoted=\\\"CandleAU\\\"",
					"JucePlugin_AUManufacturerCode=JucePlugin_ManufacturerCode",
					"JucePlugin_CFBundleIdentifier=com.rubblesonic.candle",
					"JucePlugin_AAXIdentifier=com.Rubblesonic.Candle",
					"JucePlugin_AAXManufacturerCode=JucePlugin_ManufacturerCode",
					"JucePlugin_AAXProductId=JucePlugin_PluginCode",
					"JucePlugin_AAXCategory=0",
					"JucePlugin_AAXDisableBypass=0",
					"JucePlugin_AAXDisableMultiMono=0",
					"JucePlugin_IAAType=0x61757278",
					"JucePlugin_IAASubType=JucePlugin_PluginCode",
					"JucePlugin_IAAName=\\\"Rubblesonic:\\ Candle\\\"",
					"JucePlugin_VSTNumMidiInputs=16",
					"JucePlugin_VSTNumMidiOutputs=16",
					"JucePlugin_ARAContentTypes=0",
					"JucePlugin_ARATransformationFlags=0",
					"JucePlugin_ARAFactoryID=\\\"com.Rubblesonic.Candle.factory\\\"",
					"JucePlugin_ARADocumentArchiveID=\\\"com.Rubblesonic.Candle.aradocumentarchive.0.1.0\\\"",
					"JucePlugin_ARACompatibleArchiveIDs=\\\"\\\"",
					"JucePlugin_MaxNumInputChannels=2",
					"JucePlugin_MaxNumOutputChannels=2",
					"JucePlugin_PreferredChannelConfigurations={2,2}",
					"JUCE_STANDALONE_APPLICATION=JucePlugin_Build_Standalone",
					"JUCER_XCODE_MAC_F6D2F4CF=1",
					"JUCE_APP_VERSION=0.1.0",
					"JUCE_APP_VERSION_HEX=0x100",
					"JUCE_SHARED_CODE=1",
				);
				GCC_VERSION = com.apple.compilers.llvm.clang.1_0;
				HEADER_SEARCH_PATHS = (
					"/Applications/JUCE/modules/juce_audio_processors_headless/format_types/VST3_SDK",
					"$(SRCROOT)/../../JuceLibraryCode",
					"/Applications/JUCE/modules",
					"/Applications/JUCE/modules/juce_audio_plugin_client/AU",
					"$(inherited)",
				);
				INSTALL_PATH = "@executable_path/../Frameworks";
				MACOSX_DEPLOYMENT_TARGET = 10.13;
				MTL_HEADER_SEARCH_PATHS = "/Applications/JUCE/modules/juce_audio_processors_headless/format_types/VST3_SDK $(SRCROOT)/../../JuceLibraryCode /Applications/JUCE/modules /Applications/JUCE/modules/juce_audio_plugin_client/AU";
				OTHER_CFLAGS = "$(inherited)";
				OTHER_CPLUSPLUSFLAGS = "$(inherited)";
				OTHER_LDFLAGS = "$(inherited)";
				PRODUCT_BUNDLE_IDENTIFIER = com.rubblesonic.candle;
				PRODUCT_NAME = "Candle";
				PROVISIONING_PROFILE_SPECIFIER = "";
				SKIP_INSTALL = YES;
				USE_HEADERMAP = NO;
				VALID_ARCHS = "i386 x86_64 arm64 arm64e";
			};
			name = Debug;
		};
		FF3292C541DF0C46483405C4 /* Debug */ = {
			isa = XCBuildConfiguration;
			buildSettings = {
				CLANG_CXX_LANGUAGE_STANDARD = "c++17";
				CLANG_CXX_LIBRARY = "libc++";
				CLANG_LINK_OBJC_RUNTIME = NO;
				CODE_SIGN_IDENTITY = "-";
				CODE_SIGN_STYLE = Manual;
				COMBINE_HIDPI_IMAGES = YES;
				CONFIGURATION_BUILD_DIR = "$(PROJECT_DIR)/build/$(CONFIGURATION)";
				COPY_PHASE_STRIP = NO;
				DEPLOYMENT_POSTPROCESSING = NO;
				EXCLUDED_ARCHS = "";
				GCC_DYNAMIC_NO_PIC = NO;
				GCC_OPTIMIZATION_LEVEL = 0;
				GCC_PREPROCESSOR_DEFINITIONS = (
					"_DEBUG=1",
					"DEBUG=1",
					"JUCE_PROJUCER_VERSION=0x8000d",
					"JUCE_MODULE_AVAILABLE_juce_audio_basics=1",
					"JUCE_MODULE_AVAILABLE_juce_audio_devices=1",
					"JUCE_MODULE_AVAILABLE_juce_audio_formats=1",
					"JUCE_MODULE_AVAILABLE_juce_audio_plugin_client=1",
					"JUCE_MODULE_AVAILABLE_juce_audio_processors=1",
					"JUCE_MODULE_AVAILABLE_juce_audio_processors_headless=1",
					"JUCE_MODULE_AVAILABLE_juce_audio_utils=1",
					"JUCE_MODULE_AVAILABLE_juce_core=1",
					"JUCE_MODULE_AVAILABLE_juce_data_structures=1",
					"JUCE_MODULE_AVAILABLE_juce_dsp=1",
					"JUCE_MODULE_AVAILABLE_juce_events=1",
					"JUCE_MODULE_AVAILABLE_juce_graphics=1",
					"JUCE_MODULE_AVAILABLE_juce_gui_basics=1",
					"JUCE_MODULE_AVAILABLE_juce_gui_extra=1",
					"JUCE_GLOBAL_MODULE_SETTINGS_INCLUDED=1",
					"JUCE_VST3_CAN_REPLACE_VST2=0",
					"JUCE_STRICT_REFCOUNTEDPOINTER=1",
					"JucePlugin_Build_VST=0",
					"JucePlugin_Build_VST3=0",
					"JucePlugin_Build_AU=1",
					"JucePlugin_Build_AUv3=0",
					"JucePlugin_Build_AAX=0",
					"JucePlugin_Build_Standalone=0",
					"JucePlugin_Build_Unity=0",
					"JucePlugin_Build_LV2=0",
					"JucePlugin_Enable_IAA=0",
					"JucePlugin_Enable_ARA=0",
					"JucePlugin_Name=\\\"Candle\\\"",
					"JucePlugin_Desc=\\\"Portastudio\\ 424\\ cassette\\ processor\\\"",
					"JucePlugin_Manufacturer=\\\"Rubblesonic\\\"",
					"JucePlugin_ManufacturerWebsite=\\\"https://rubblesonic.com\\\"",
					"JucePlugin_ManufacturerEmail=\\\"\\\"",
					"JucePlugin_ManufacturerCode=0x52554253",
					"JucePlugin_PluginCode=0x434e444c",
					"JucePlugin_IsSynth=0",
					"JucePlugin_WantsMidiInput=0",
					"JucePlugin_ProducesMidiOutput=0",
					"JucePlugin_IsMidiEffect=0",
					"JucePlugin_EditorRequiresKeyboardFocus=0",
					"JucePlugin_Version=0.1.0",
					"JucePlugin_VersionCode=0x100",
					"JucePlugin_VersionString=\\\"0.1.0\\\"",
					"JucePlugin_VSTUniqueID=JucePlugin_PluginCode",
					"JucePlugin_VSTCategory=kPlugCategEffect",
					"JucePlugin_Vst3Category=\\\"Fx\\\"",
					"JucePlugin_AUMainType=\\'aufx\\'",
					"JucePlugin_AUSubType=JucePlugin_PluginCode",
					"JucePlugin_AUExportPrefix=CandleAU",
					"JucePlugin_AUExportPrefixQuoted=\\\"CandleAU\\\"",
					"JucePlugin_AUManufacturerCode=JucePlugin_ManufacturerCode",
					"JucePlugin_CFBundleIdentifier=com.rubblesonic.candle",
					"JucePlugin_AAXIdentifier=com.Rubblesonic.Candle",
					"JucePlugin_AAXManufacturerCode=JucePlugin_ManufacturerCode",
					"JucePlugin_AAXProductId=JucePlugin_PluginCode",
					"JucePlugin_AAXCategory=0",
					"JucePlugin_AAXDisableBypass=0",
					"JucePlugin_AAXDisableMultiMono=0",
					"JucePlugin_IAAType=0x61757278",
					"JucePlugin_IAASubType=JucePlugin_PluginCode",
					"JucePlugin_IAAName=\\\"Rubblesonic:\\ Candle\\\"",
					"JucePlugin_VSTNumMidiInputs=16",
					"JucePlugin_VSTNumMidiOutputs=16",
					"JucePlugin_ARAContentTypes=0",
					"JucePlugin_ARATransformationFlags=0",
					"JucePlugin_ARAFactoryID=\\\"com.Rubblesonic.Candle.factory\\\"",
					"JucePlugin_ARADocumentArchiveID=\\\"com.Rubblesonic.Candle.aradocumentarchive.0.1.0\\\"",
					"JucePlugin_ARACompatibleArchiveIDs=\\\"\\\"",
					"JucePlugin_MaxNumInputChannels=2",
					"JucePlugin_MaxNumOutputChannels=2",
					"JucePlugin_PreferredChannelConfigurations={2,2}",
					"JUCE_STANDALONE_APPLICATION=JucePlugin_Build_Standalone",
					"JUCER_XCODE_MAC_F6D2F4CF=1",
					"JUCE_APP_VERSION=0.1.0",
					"JUCE_APP_VERSION_HEX=0x100",
				);
				GCC_VERSION = com.apple.compilers.llvm.clang.1_0;
				GENERATE_PKGINFO_FILE = YES;
				HEADER_SEARCH_PATHS = (
					"/Applications/JUCE/modules/juce_audio_processors_headless/format_types/VST3_SDK",
					"$(SRCROOT)/../../JuceLibraryCode",
					"/Applications/JUCE/modules",
					"/Applications/JUCE/modules/juce_audio_plugin_client/AU",
					"$(inherited)",
				);
				INFOPLIST_FILE = Info-AU.plist;
				INFOPLIST_PREPROCESS = NO;
				INSTALL_PATH = "$(HOME)/Library/Audio/Plug-Ins/Components";
				LIBRARY_STYLE = Bundle;
				MACOSX_DEPLOYMENT_TARGET = 10.13;
				MTL_HEADER_SEARCH_PATHS = "/Applications/JUCE/modules/juce_audio_processors_headless/format_types/VST3_SDK $(SRCROOT)/../../JuceLibraryCode /Applications/JUCE/modules /Applications/JUCE/modules/juce_audio_plugin_client/AU";
				OTHER_CFLAGS = "$(inherited)";
				OTHER_CPLUSPLUSFLAGS = "$(inherited)";
				OTHER_LDFLAGS = "$(inherited) -bundle -lCandle";
				OTHER_REZFLAGS = "-d ppc_$ppc -d i386_$i386 -d ppc64_$ppc64 -d x86_64_$x86_64 -d arm64_$arm64 -I /System/Library/Frameworks/CoreServices.framework/Frameworks/CarbonCore.framework/Versions/A/Headers -I \"$(DEVELOPER_DIR)/Extras/CoreAudio/AudioUnits/AUPublic/AUBase\" -I \"$(DEVELOPER_DIR)/Platforms/MacOSX.platform/Developer/SDKs/MacOSX.sdk/System/Library/Frameworks/AudioUnit.framework/Headers\"";
				PRODUCT_BUNDLE_IDENTIFIER = com.rubblesonic.candle;
				PRODUCT_NAME = "Candle";
				PROVISIONING_PROFILE_SPECIFIER = "";
				USE_HEADERMAP = NO;
				VALID_ARCHS = "i386 x86_64 arm64 arm64e";
				WRAPPER_EXTENSION = component;
			};
			name = Debug;
		};
/* End XCBuildConfiguration section */

/* Begin XCConfigurationList section */
		09F699D43E7922722E4EF16A = {
			isa = XCConfigurationList;
			buildConfigurations = (
				F4B76F18DCDF3E76E8B4C8D6,
				41A1F6F6BCB1C2341950A227,
			);
			defaultConfigurationIsVisible = 0;
			defaultConfigurationName = Debug;
		};
		250CE9047FA93E74ED7A02FF = {
			isa = XCConfigurationList;
			buildConfigurations = (
				01427CA8BE1A6CB0F919C4CC,
				B099123E90B0D6AC90F046AA,
			);
			defaultConfigurationIsVisible = 0;
			defaultConfigurationName = Debug;
		};
		3EA1ACD07B27BFEE02C7A0A4 = {
			isa = XCConfigurationList;
			buildConfigurations = (
				FF3292C541DF0C46483405C4,
				C3E787DF67BB0D7AE3262488,
			);
			defaultConfigurationIsVisible = 0;
			defaultConfigurationName = Debug;
		};
		54285B735F9890961A2E7CBD = {
			isa = XCConfigurationList;
			buildConfigurations = (
				01E604C8B21A0A8928B40BBC,
				E52BA82C53D5BF2CFA5CDE68,
			);
			defaultConfigurationIsVisible = 0;
			defaultConfigurationName = Debug;
		};
		57FC931D6AD58DF838904F36 = {
			isa = XCConfigurationList;
			buildConfigurations = (
				0A26D4F18C518E6F8D235BD0,
				4B957F5289677AA8C1992E30,
			);
			defaultConfigurationIsVisible = 0;
			defaultConfigurationName = Debug;
		};
		F4914B7FEDB86C6E47796A34 = {
			isa = XCConfigurationList;
			buildConfigurations = (
				1F3201718E4C20CE8A10718D,
				37FD10C77D200D71A6813397,
			);
			defaultConfigurationIsVisible = 0;
			defaultConfigurationName = Debug;
		};
/* End XCConfigurationList section */
	};
	rootObject = 0447BF088A89B81471437DF3 /* Project object */;
}
